// !$*UTF8*$!
{
	archiveVersion = 1;
	classes = {
	};
	objectVersion = 50;
	objects = {

/* Begin PBXBuildFile section */
		015F0A2BFF053314D4BFB600 /* Presentation.framework in Embed Frameworks */ = {isa = PBXBuildFile; fileRef = 68BC12751B32B7412D9F1E23 /* Presentation.framework */; platformFilter = ios; settings = {ATTRIBUTES = (CodeSignOnCopy, RemoveHeadersOnCopy, ); }; };
		02AC6FDC1C75181A7B8A99D6 /* RxSwift.framework in Frameworks */ = {isa = PBXBuildFile; fileRef = FF0BF5784632E4FB8F184893 /* RxSwift.framework */; platformFilter = ios; };
		066CABE27B7BE74150579D7C /* HomeViewStatus.swift in Sources */ = {isa = PBXBuildFile; fileRef = 2A15FE0F49E2C4BACCB57D9E /* HomeViewStatus.swift */; };
		0B98F0E14B3A2C5DB87D78F9 /* Presentation.framework in Frameworks */ = {isa = PBXBuildFile; fileRef = 68BC12751B32B7412D9F1E23 /* Presentation.framework */; platformFilter = ios; };
		0D3A2BACAE0EAB2DB08168D1 /* RxSwift.framework in Frameworks */ = {isa = PBXBuildFile; fileRef = FF0BF5784632E4FB8F184893 /* RxSwift.framework */; platformFilter = ios; };
		10A482E7DAE1566B47A47E8F /* RxCocoa.framework in Frameworks */ = {isa = PBXBuildFile; fileRef = BAD8C71D569BCF55096FC069 /* RxCocoa.framework */; platformFilter = ios; };
		119C2F7C049E883BFBC1C50D /* RxSwift.framework in Frameworks */ = {isa = PBXBuildFile; fileRef = FF0BF5784632E4FB8F184893 /* RxSwift.framework */; platformFilter = ios; };
		1495F75328BEE14BF4CAB65F /* NoDataCollectionViewCell.swift in Sources */ = {isa = PBXBuildFile; fileRef = F77CA34900F7F9F3D00D2F7E /* NoDataCollectionViewCell.swift */; };
		162E8F5B57DA77A205C6B56A /* NoDataCellModel.swift in Sources */ = {isa = PBXBuildFile; fileRef = F031968ABB65CC85FC9EDD88 /* NoDataCellModel.swift */; };
		1953A1DE2E87CFD4810F8F77 /* Domain.framework in Frameworks */ = {isa = PBXBuildFile; fileRef = C6258C8EB82C06DE0AD7075C /* Domain.framework */; platformFilter = ios; };
		19A21789C47FF645E1D1C23E /* HomeFilterCell.swift in Sources */ = {isa = PBXBuildFile; fileRef = 6A2384A89F37E5991033D33D /* HomeFilterCell.swift */; };
		1DE6816D9739C3442CC6BB9E /* Swinject.framework in Frameworks */ = {isa = PBXBuildFile; fileRef = D07FF6DD63A744BE9BD80986 /* Swinject.framework */; platformFilter = ios; };
		1EF2354EF5EDD549F4AEE565 /* UIColor+Extension.swift in Sources */ = {isa = PBXBuildFile; fileRef = 6B8E0064CE8555C40DB4A49C /* UIColor+Extension.swift */; };
		21ED43DDFD1B3A9D7EDA3EA2 /* TuistStrings+GiftiGather.swift in Sources */ = {isa = PBXBuildFile; fileRef = AE31167FD8AF8570341AB29A /* TuistStrings+GiftiGather.swift */; };
		2308DFAC955C1090336FF30E /* TuistBundle+GiftiGather.swift in Sources */ = {isa = PBXBuildFile; fileRef = 3E275C90811B5241AB376576 /* TuistBundle+GiftiGather.swift */; };
		2A61B8A5043157F1D848A813 /* DIContainer.framework in Frameworks */ = {isa = PBXBuildFile; fileRef = A285D6F5233163E3D7407D31 /* DIContainer.framework */; platformFilter = ios; };
		2A7D5F3CE0FEB0D9280A2958 /* Data.framework in Frameworks */ = {isa = PBXBuildFile; fileRef = C2946421CF63D610BDE8AAB1 /* Data.framework */; platformFilter = ios; };
		2C47B8A10A08AA4D54D33D8E /* CellModel.swift in Sources */ = {isa = PBXBuildFile; fileRef = 9E43C9DAEB1F972BA5673464 /* CellModel.swift */; };
		2FF779B4C5B94555B48038A1 /* BaseCollectionView.swift in Sources */ = {isa = PBXBuildFile; fileRef = 595F2C139D0597B3F4784ED2 /* BaseCollectionView.swift */; };
		31A53088D5605F49E0E7558A /* Localizable.strings in Resources */ = {isa = PBXBuildFile; fileRef = CF3C2B8C3AC5ED060389DD38 /* Localizable.strings */; };
		39FCCE3AE885EC8A5D69E42B /* Core.framework in Frameworks */ = {isa = PBXBuildFile; fileRef = 3A5E97E162016F8459D16125 /* Core.framework */; platformFilter = ios; };
		3A53C9272E3710C15198EC45 /* PickerViewController+Extension.swift in Sources */ = {isa = PBXBuildFile; fileRef = EBF93FDA2DA751DC4B3EBEA3 /* PickerViewController+Extension.swift */; };
		3C6653CD5565C402EA266D3E /* Swinject.framework in Frameworks */ = {isa = PBXBuildFile; fileRef = D07FF6DD63A744BE9BD80986 /* Swinject.framework */; platformFilter = ios; };
		3D467400D8BDE5A2B9B327C5 /* BaseViewController.swift in Sources */ = {isa = PBXBuildFile; fileRef = 8277B37F9BC16574AA410780 /* BaseViewController.swift */; };
		401D96B6F122F8DF1DA04AB7 /* Swinject.framework in Embed Frameworks */ = {isa = PBXBuildFile; fileRef = D07FF6DD63A744BE9BD80986 /* Swinject.framework */; platformFilter = ios; settings = {ATTRIBUTES = (CodeSignOnCopy, RemoveHeadersOnCopy, ); }; };
		46D888163E21AA52FCB02335 /* PickCellModel.swift in Sources */ = {isa = PBXBuildFile; fileRef = E3ABFC22C6749B2C2012494D /* PickCellModel.swift */; };
		48F82436A1EDA8DDE37D3CB6 /* Injection.swift in Sources */ = {isa = PBXBuildFile; fileRef = 9B9EA5A106893BFC10FCBC6A /* Injection.swift */; };
		4B8A3122973AD2298E4ADBC9 /* Core.framework in Frameworks */ = {isa = PBXBuildFile; fileRef = 3A5E97E162016F8459D16125 /* Core.framework */; platformFilter = ios; };
		50CCBC81279D89052F5C4770 /* PickerCell.swift in Sources */ = {isa = PBXBuildFile; fileRef = 78C0548FBCFCB5A5DF7AA583 /* PickerCell.swift */; };
		51A09FE849EB336E9B236E7A /* BaseTableViewCell.swift in Sources */ = {isa = PBXBuildFile; fileRef = BD5A483E5F2026332EFF910F /* BaseTableViewCell.swift */; };
		598E8BBF4C2D7F210D6E4D4B /* DIContainer.framework in Embed Frameworks */ = {isa = PBXBuildFile; fileRef = A285D6F5233163E3D7407D31 /* DIContainer.framework */; platformFilter = ios; settings = {ATTRIBUTES = (CodeSignOnCopy, RemoveHeadersOnCopy, ); }; };
		59DED7373FF1BA06A38FE5A5 /* Domain.framework in Frameworks */ = {isa = PBXBuildFile; fileRef = C6258C8EB82C06DE0AD7075C /* Domain.framework */; platformFilter = ios; };
		5E5887552EA49769E63395F1 /* Presentation.framework in Frameworks */ = {isa = PBXBuildFile; fileRef = 68BC12751B32B7412D9F1E23 /* Presentation.framework */; platformFilter = ios; };
		5F4E81169911FEC637AEDE30 /* RxCocoaRuntime.framework in Embed Frameworks */ = {isa = PBXBuildFile; fileRef = 8E0B97EE1A250C6DDC1ADCE4 /* RxCocoaRuntime.framework */; platformFilter = ios; settings = {ATTRIBUTES = (CodeSignOnCopy, RemoveHeadersOnCopy, ); }; };
		66A0E131F4A3E9E7B3FED9FC /* PickerViewController.swift in Sources */ = {isa = PBXBuildFile; fileRef = F34808ADC524A8DD4C2A7FDA /* PickerViewController.swift */; };
		6B2724A99517E8D644E95EC2 /* Core.framework in Frameworks */ = {isa = PBXBuildFile; fileRef = 3A5E97E162016F8459D16125 /* Core.framework */; platformFilter = ios; };
		7842645949B1022113C5939A /* RxSwift.framework in Embed Frameworks */ = {isa = PBXBuildFile; fileRef = FF0BF5784632E4FB8F184893 /* RxSwift.framework */; platformFilter = ios; settings = {ATTRIBUTES = (CodeSignOnCopy, RemoveHeadersOnCopy, ); }; };
		7D030B0F4B335EC9C89A12A5 /* DefaultPickerViewModel.swift in Sources */ = {isa = PBXBuildFile; fileRef = 3D549CCB26563C66112C6385 /* DefaultPickerViewModel.swift */; };
		80F21BDD7DE3BD4DC9758E2C /* Asset.xcassets in Resources */ = {isa = PBXBuildFile; fileRef = 46D7550D6913105E8201D2A7 /* Asset.xcassets */; };
		869A3833C664CDC9536DB29F /* Injection+Extesnion.swift in Sources */ = {isa = PBXBuildFile; fileRef = 32876994F4C711DC8747DD9F /* Injection+Extesnion.swift */; };
		8DB6727F16C1CE025EE50067 /* Core.framework in Frameworks */ = {isa = PBXBuildFile; fileRef = 3A5E97E162016F8459D16125 /* Core.framework */; platformFilter = ios; };
		9C8464DD0BDDCD2C7DCFE2DD /* Domain.framework in Frameworks */ = {isa = PBXBuildFile; fileRef = C6258C8EB82C06DE0AD7075C /* Domain.framework */; platformFilter = ios; };
		9ED5673CCB7BC9C469575D88 /* DefaultHomeViewModel.swift in Sources */ = {isa = PBXBuildFile; fileRef = 18EDECBEFA5DA2C4259C0B4F /* DefaultHomeViewModel.swift */; };
		A00461CAF2E50EC6811C191E /* HomeViewController+Extension.swift in Sources */ = {isa = PBXBuildFile; fileRef = 005434CAFD79C264AF2F4921 /* HomeViewController+Extension.swift */; };
		AA6917EDD621276E7B55A735 /* RxCocoa.framework in Frameworks */ = {isa = PBXBuildFile; fileRef = BAD8C71D569BCF55096FC069 /* RxCocoa.framework */; platformFilter = ios; };
		B1CB8CB63694D01159FEA6D0 /* DIContainer.framework in Frameworks */ = {isa = PBXBuildFile; fileRef = A285D6F5233163E3D7407D31 /* DIContainer.framework */; platformFilter = ios; };
		B3B65735B2A547F5155C8B6B /* PhotosManager.swift in Sources */ = {isa = PBXBuildFile; fileRef = 232CF63BE726B18C9D380F60 /* PhotosManager.swift */; };
		B466B9B9C8BFC6B81CFCFE40 /* AppDelegate.swift in Sources */ = {isa = PBXBuildFile; fileRef = 162A6B720DAAD33AC864027D /* AppDelegate.swift */; };
		B7B3C8CD90E51BE3B837B8D9 /* Core.framework in Embed Frameworks */ = {isa = PBXBuildFile; fileRef = 3A5E97E162016F8459D16125 /* Core.framework */; platformFilter = ios; settings = {ATTRIBUTES = (CodeSignOnCopy, RemoveHeadersOnCopy, ); }; };
		BCBAF96ADE5070C0F46B5C2C /* LaunchScreen.storyboard in Resources */ = {isa = PBXBuildFile; fileRef = 1327C0D5CC38C5E381259D93 /* LaunchScreen.storyboard */; };
		C3F0ADD983C0A2484DE0972A /* PickerViewModel.swift in Sources */ = {isa = PBXBuildFile; fileRef = 05FEAA56E74F9648427050A5 /* PickerViewModel.swift */; };
		C4F77D0C90FA56B56B26E805 /* HomeViewController.swift in Sources */ = {isa = PBXBuildFile; fileRef = 5559FE16EB225BB0061FC2A3 /* HomeViewController.swift */; };
		C6A83BC5E6A7EA285CA5280D /* RxCocoa.framework in Embed Frameworks */ = {isa = PBXBuildFile; fileRef = BAD8C71D569BCF55096FC069 /* RxCocoa.framework */; platformFilter = ios; settings = {ATTRIBUTES = (CodeSignOnCopy, RemoveHeadersOnCopy, ); }; };
		C9E25F0A0E31EC146BD7E9C8 /* HomePhotoCellModel.swift in Sources */ = {isa = PBXBuildFile; fileRef = B3CDB48174B083760329D29B /* HomePhotoCellModel.swift */; };
		CCC5D55DC8D145AC17FD9052 /* RxRelay.framework in Embed Frameworks */ = {isa = PBXBuildFile; fileRef = 60880BEE0ACF988C9EA8C97D /* RxRelay.framework */; platformFilter = ios; settings = {ATTRIBUTES = (CodeSignOnCopy, RemoveHeadersOnCopy, ); }; };
		CE57AE0885F42F85AF94F2AB /* Domain.framework in Frameworks */ = {isa = PBXBuildFile; fileRef = C6258C8EB82C06DE0AD7075C /* Domain.framework */; platformFilter = ios; };
		CF44AE93A5F4A33396FFAD05 /* HomePhotoCell.swift in Sources */ = {isa = PBXBuildFile; fileRef = 2564E82C1BEFFC70919DEA66 /* HomePhotoCell.swift */; };
		CFA3801BA996F29B744C721B /* UIViewController+Extension.swift in Sources */ = {isa = PBXBuildFile; fileRef = 78537625826B238202DF2DD7 /* UIViewController+Extension.swift */; };
		D1B8DEA5382DC5A9117438B8 /* HomeViewModel.swift in Sources */ = {isa = PBXBuildFile; fileRef = 96744567459E5196C7BC11B5 /* HomeViewModel.swift */; };
		D464E69E971BD3DCB2A38FF9 /* HomeFilterCellModel.swift in Sources */ = {isa = PBXBuildFile; fileRef = A160973BE1338DC132A5A912 /* HomeFilterCellModel.swift */; };
		D7BB38C87E4BCE644BAB5047 /* Domain.framework in Embed Frameworks */ = {isa = PBXBuildFile; fileRef = C6258C8EB82C06DE0AD7075C /* Domain.framework */; platformFilter = ios; settings = {ATTRIBUTES = (CodeSignOnCopy, RemoveHeadersOnCopy, ); }; };
		DB4DDF7874D693DC1D21537A /* TuistAssets+GiftiGather.swift in Sources */ = {isa = PBXBuildFile; fileRef = 866742EC047D0362FB3D5C48 /* TuistAssets+GiftiGather.swift */; };
		DB621FA454C4AC4D94AC3FE8 /* DIContainer.framework in Frameworks */ = {isa = PBXBuildFile; fileRef = A285D6F5233163E3D7407D31 /* DIContainer.framework */; platformFilter = ios; };
		DCF8CBEC3BDEFDFDF887EBCA /* DIContainer.framework in Frameworks */ = {isa = PBXBuildFile; fileRef = A285D6F5233163E3D7407D31 /* DIContainer.framework */; platformFilter = ios; };
		DF38D725D1A798AE593AB26D /* UIImageView+Extension.swift in Sources */ = {isa = PBXBuildFile; fileRef = 4025054AB1CC43B44DA07ED2 /* UIImageView+Extension.swift */; };
		DF8F2E70B754D31C79661026 /* CGImagePropertyOrientation+Extension.swift in Sources */ = {isa = PBXBuildFile; fileRef = 8057CB69A1F8C8C45FC8B2D2 /* CGImagePropertyOrientation+Extension.swift */; };
		E7BC58839F2ED7F34D7DFC93 /* UINavigationController+Extension.swift in Sources */ = {isa = PBXBuildFile; fileRef = BE44DF86817D2079D3D0DDE1 /* UINavigationController+Extension.swift */; };
		E81D80BEA9B99BA9F5B7E3BC /* PhotoAuthManager.swift in Sources */ = {isa = PBXBuildFile; fileRef = 2B6545600BBE796138A41EA7 /* PhotoAuthManager.swift */; };
		E859C2283FDB48FF7200C307 /* String+Extension.swift in Sources */ = {isa = PBXBuildFile; fileRef = 79167BD1C83B09218DA251F5 /* String+Extension.swift */; };
		E97F2FB574AD7E77F7D54054 /* ViewModel.swift in Sources */ = {isa = PBXBuildFile; fileRef = B86F6548960D005E7DD2C7EA /* ViewModel.swift */; };
		FE66E1046F4363C343539E08 /* AnyObject+Extension.swift in Sources */ = {isa = PBXBuildFile; fileRef = A5297C893627BC33E7F88E1D /* AnyObject+Extension.swift */; };
/* End PBXBuildFile section */

/* Begin PBXContainerItemProxy section */
		271A4223AFB32EA50770AD07 /* PBXContainerItemProxy */ = {
			isa = PBXContainerItemProxy;
			containerPortal = 66E6969ED92B6D48CBDF69E7 /* Project object */;
			proxyType = 1;
			remoteGlobalIDString = 9FB2DEA7C082CA1FCBA3C06C;
			remoteInfo = Domain;
		};
		44D2EE778572E04BEF615366 /* PBXContainerItemProxy */ = {
			isa = PBXContainerItemProxy;
			containerPortal = 66E6969ED92B6D48CBDF69E7 /* Project object */;
			proxyType = 1;
			remoteGlobalIDString = A1505109CC9A7BDA415EACD0;
			remoteInfo = Presentation;
		};
		508902CC6F6BF8E436A869F6 /* PBXContainerItemProxy */ = {
			isa = PBXContainerItemProxy;
			containerPortal = 66E6969ED92B6D48CBDF69E7 /* Project object */;
			proxyType = 1;
			remoteGlobalIDString = 9FB2DEA7C082CA1FCBA3C06C;
			remoteInfo = Domain;
		};
		6152DFC5F2FE98233015602C /* PBXContainerItemProxy */ = {
			isa = PBXContainerItemProxy;
			containerPortal = 66E6969ED92B6D48CBDF69E7 /* Project object */;
			proxyType = 1;
			remoteGlobalIDString = 6874DA100A46AE35DDFB9F7D;
			remoteInfo = DIContainer;
		};
		6DF5AFF1897DA6B4D1181CBA /* PBXContainerItemProxy */ = {
			isa = PBXContainerItemProxy;
			containerPortal = 66E6969ED92B6D48CBDF69E7 /* Project object */;
			proxyType = 1;
			remoteGlobalIDString = 6874DA100A46AE35DDFB9F7D;
			remoteInfo = DIContainer;
		};
		73E24193314B5232FDDE0E00 /* PBXContainerItemProxy */ = {
			isa = PBXContainerItemProxy;
			containerPortal = 66E6969ED92B6D48CBDF69E7 /* Project object */;
			proxyType = 1;
			remoteGlobalIDString = FA477751D57D20FC5DB7AB1B;
			remoteInfo = Core;
		};
		7FC991AC881A581DB640BE6A /* PBXContainerItemProxy */ = {
			isa = PBXContainerItemProxy;
			containerPortal = 66E6969ED92B6D48CBDF69E7 /* Project object */;
			proxyType = 1;
			remoteGlobalIDString = 6874DA100A46AE35DDFB9F7D;
			remoteInfo = DIContainer;
		};
		884F305BF658076105FAE7F2 /* PBXContainerItemProxy */ = {
			isa = PBXContainerItemProxy;
			containerPortal = 66E6969ED92B6D48CBDF69E7 /* Project object */;
			proxyType = 1;
			remoteGlobalIDString = 6874DA100A46AE35DDFB9F7D;
			remoteInfo = DIContainer;
		};
		892987203223B75B2E478F9C /* PBXContainerItemProxy */ = {
			isa = PBXContainerItemProxy;
			containerPortal = 66E6969ED92B6D48CBDF69E7 /* Project object */;
			proxyType = 1;
			remoteGlobalIDString = FA477751D57D20FC5DB7AB1B;
			remoteInfo = Core;
		};
		89CC3CB6A0F6F97B56E3A5A2 /* PBXContainerItemProxy */ = {
			isa = PBXContainerItemProxy;
			containerPortal = 66E6969ED92B6D48CBDF69E7 /* Project object */;
			proxyType = 1;
			remoteGlobalIDString = A1505109CC9A7BDA415EACD0;
			remoteInfo = Presentation;
		};
		97FA66F195F3CC1C16D2FCA7 /* PBXContainerItemProxy */ = {
			isa = PBXContainerItemProxy;
			containerPortal = 66E6969ED92B6D48CBDF69E7 /* Project object */;
			proxyType = 1;
			remoteGlobalIDString = FA477751D57D20FC5DB7AB1B;
			remoteInfo = Core;
		};
		B715393860638D546A748A61 /* PBXContainerItemProxy */ = {
			isa = PBXContainerItemProxy;
			containerPortal = 66E6969ED92B6D48CBDF69E7 /* Project object */;
			proxyType = 1;
			remoteGlobalIDString = 9FB2DEA7C082CA1FCBA3C06C;
			remoteInfo = Domain;
		};
		B9F560E8B4D23889A41B96B6 /* PBXContainerItemProxy */ = {
			isa = PBXContainerItemProxy;
			containerPortal = 66E6969ED92B6D48CBDF69E7 /* Project object */;
			proxyType = 1;
			remoteGlobalIDString = 91414778501013A68E47525D;
			remoteInfo = Data;
		};
		E4A3EDD1818821788F9429D0 /* PBXContainerItemProxy */ = {
			isa = PBXContainerItemProxy;
			containerPortal = 66E6969ED92B6D48CBDF69E7 /* Project object */;
			proxyType = 1;
			remoteGlobalIDString = 9FB2DEA7C082CA1FCBA3C06C;
			remoteInfo = Domain;
		};
		EAAE250C20C55A6009D334CF /* PBXContainerItemProxy */ = {
			isa = PBXContainerItemProxy;
			containerPortal = 66E6969ED92B6D48CBDF69E7 /* Project object */;
			proxyType = 1;
			remoteGlobalIDString = FA477751D57D20FC5DB7AB1B;
			remoteInfo = Core;
		};
/* End PBXContainerItemProxy section */

/* Begin PBXCopyFilesBuildPhase section */
		00DFABFF6CE2EEDC9CB9C95D /* Embed Frameworks */ = {
			isa = PBXCopyFilesBuildPhase;
			buildActionMask = 2147483647;
			dstPath = "";
			dstSubfolderSpec = 10;
			files = (
			);
			name = "Embed Frameworks";
			runOnlyForDeploymentPostprocessing = 0;
		};
		15100F2E8BC184F55B5DBCFD /* Embed Frameworks */ = {
			isa = PBXCopyFilesBuildPhase;
			buildActionMask = 2147483647;
			dstPath = "";
			dstSubfolderSpec = 10;
			files = (
			);
			name = "Embed Frameworks";
			runOnlyForDeploymentPostprocessing = 0;
		};
		185458DE3EAE6C958A4213DB /* Embed Frameworks */ = {
			isa = PBXCopyFilesBuildPhase;
			buildActionMask = 2147483647;
			dstPath = "";
			dstSubfolderSpec = 10;
			files = (
			);
			name = "Embed Frameworks";
			runOnlyForDeploymentPostprocessing = 0;
		};
		2BA20FA50C6B1C3B2EA43674 /* Embed Frameworks */ = {
			isa = PBXCopyFilesBuildPhase;
			buildActionMask = 2147483647;
			dstPath = "";
			dstSubfolderSpec = 10;
			files = (
				B7B3C8CD90E51BE3B837B8D9 /* Core.framework in Embed Frameworks */,
				598E8BBF4C2D7F210D6E4D4B /* DIContainer.framework in Embed Frameworks */,
				D7BB38C87E4BCE644BAB5047 /* Domain.framework in Embed Frameworks */,
				015F0A2BFF053314D4BFB600 /* Presentation.framework in Embed Frameworks */,
				C6A83BC5E6A7EA285CA5280D /* RxCocoa.framework in Embed Frameworks */,
				5F4E81169911FEC637AEDE30 /* RxCocoaRuntime.framework in Embed Frameworks */,
				CCC5D55DC8D145AC17FD9052 /* RxRelay.framework in Embed Frameworks */,
				7842645949B1022113C5939A /* RxSwift.framework in Embed Frameworks */,
				401D96B6F122F8DF1DA04AB7 /* Swinject.framework in Embed Frameworks */,
			);
			name = "Embed Frameworks";
			runOnlyForDeploymentPostprocessing = 0;
		};
		5C5354B58F85968C95ED3B36 /* Embed Frameworks */ = {
			isa = PBXCopyFilesBuildPhase;
			buildActionMask = 2147483647;
			dstPath = "";
			dstSubfolderSpec = 10;
			files = (
			);
			name = "Embed Frameworks";
			runOnlyForDeploymentPostprocessing = 0;
		};
		83ABF3FBA1E14136D5FAFA16 /* Embed Frameworks */ = {
			isa = PBXCopyFilesBuildPhase;
			buildActionMask = 2147483647;
			dstPath = "";
			dstSubfolderSpec = 10;
			files = (
			);
			name = "Embed Frameworks";
			runOnlyForDeploymentPostprocessing = 0;
		};
		848BC4FF204B04EDB3C59058 /* Embed Frameworks */ = {
			isa = PBXCopyFilesBuildPhase;
			buildActionMask = 2147483647;
			dstPath = "";
			dstSubfolderSpec = 10;
			files = (
			);
			name = "Embed Frameworks";
			runOnlyForDeploymentPostprocessing = 0;
		};
		98548ECAB011E7F659715132 /* Embed Frameworks */ = {
			isa = PBXCopyFilesBuildPhase;
			buildActionMask = 2147483647;
			dstPath = "";
			dstSubfolderSpec = 10;
			files = (
			);
			name = "Embed Frameworks";
			runOnlyForDeploymentPostprocessing = 0;
		};
		E353F7B426A7407670B54A2B /* Embed Frameworks */ = {
			isa = PBXCopyFilesBuildPhase;
			buildActionMask = 2147483647;
			dstPath = "";
			dstSubfolderSpec = 10;
			files = (
			);
			name = "Embed Frameworks";
			runOnlyForDeploymentPostprocessing = 0;
		};
		EE399E7970C366FB03C32847 /* Embed Frameworks */ = {
			isa = PBXCopyFilesBuildPhase;
			buildActionMask = 2147483647;
			dstPath = "";
			dstSubfolderSpec = 10;
			files = (
			);
			name = "Embed Frameworks";
			runOnlyForDeploymentPostprocessing = 0;
		};
		F8BDEB3A4CB6E85363F906CA /* Embed Frameworks */ = {
			isa = PBXCopyFilesBuildPhase;
			buildActionMask = 2147483647;
			dstPath = "";
			dstSubfolderSpec = 10;
			files = (
			);
			name = "Embed Frameworks";
			runOnlyForDeploymentPostprocessing = 0;
		};
/* End PBXCopyFilesBuildPhase section */

/* Begin PBXFileReference section */
		005434CAFD79C264AF2F4921 /* HomeViewController+Extension.swift */ = {isa = PBXFileReference; lastKnownFileType = sourcecode.swift; path = "HomeViewController+Extension.swift"; sourceTree = "<group>"; };
		05FEAA56E74F9648427050A5 /* PickerViewModel.swift */ = {isa = PBXFileReference; lastKnownFileType = sourcecode.swift; path = PickerViewModel.swift; sourceTree = "<group>"; };
		0989C4AF9C6C519F306D67BB /* CoreTests.xctest */ = {isa = PBXFileReference; explicitFileType = wrapper.cfbundle; includeInIndex = 0; path = CoreTests.xctest; sourceTree = BUILT_PRODUCTS_DIR; };
		09EF7B7E64DFB2B02A2BD819 /* DIContainer-Info.plist */ = {isa = PBXFileReference; lastKnownFileType = text.plist; path = "DIContainer-Info.plist"; sourceTree = "<group>"; };
		1327C0D5CC38C5E381259D93 /* LaunchScreen.storyboard */ = {isa = PBXFileReference; lastKnownFileType = file.storyboard; path = LaunchScreen.storyboard; sourceTree = "<group>"; };
		13940574F0040F85CFC478D4 /* Domain-Info.plist */ = {isa = PBXFileReference; lastKnownFileType = text.plist; path = "Domain-Info.plist"; sourceTree = "<group>"; };
		15F53CB3E73906A9FE19C52F /* PresentationTests-Info.plist */ = {isa = PBXFileReference; lastKnownFileType = text.plist; path = "PresentationTests-Info.plist"; sourceTree = "<group>"; };
		162A6B720DAAD33AC864027D /* AppDelegate.swift */ = {isa = PBXFileReference; lastKnownFileType = sourcecode.swift; path = AppDelegate.swift; sourceTree = "<group>"; };
		16D026428A14BC524363058E /* DIContainerTests.xctest */ = {isa = PBXFileReference; explicitFileType = wrapper.cfbundle; includeInIndex = 0; path = DIContainerTests.xctest; sourceTree = BUILT_PRODUCTS_DIR; };
		18EDECBEFA5DA2C4259C0B4F /* DefaultHomeViewModel.swift */ = {isa = PBXFileReference; lastKnownFileType = sourcecode.swift; path = DefaultHomeViewModel.swift; sourceTree = "<group>"; };
		232CF63BE726B18C9D380F60 /* PhotosManager.swift */ = {isa = PBXFileReference; lastKnownFileType = sourcecode.swift; path = PhotosManager.swift; sourceTree = "<group>"; };
		2564E82C1BEFFC70919DEA66 /* HomePhotoCell.swift */ = {isa = PBXFileReference; lastKnownFileType = sourcecode.swift; path = HomePhotoCell.swift; sourceTree = "<group>"; };
		2660ED000B007577D7A1CF8A /* GiftiGather.app */ = {isa = PBXFileReference; explicitFileType = wrapper.application; includeInIndex = 0; path = GiftiGather.app; sourceTree = BUILT_PRODUCTS_DIR; };
		29E946D8A57246787D54EE40 /* ko */ = {isa = PBXFileReference; lastKnownFileType = text.plist.strings; name = ko; path = ko.lproj/Localizable.strings; sourceTree = "<group>"; };
		2A15FE0F49E2C4BACCB57D9E /* HomeViewStatus.swift */ = {isa = PBXFileReference; lastKnownFileType = sourcecode.swift; path = HomeViewStatus.swift; sourceTree = "<group>"; };
		2B6545600BBE796138A41EA7 /* PhotoAuthManager.swift */ = {isa = PBXFileReference; lastKnownFileType = sourcecode.swift; path = PhotoAuthManager.swift; sourceTree = "<group>"; };
		32876994F4C711DC8747DD9F /* Injection+Extesnion.swift */ = {isa = PBXFileReference; lastKnownFileType = sourcecode.swift; path = "Injection+Extesnion.swift"; sourceTree = "<group>"; };
		3A5E97E162016F8459D16125 /* Core.framework */ = {isa = PBXFileReference; explicitFileType = wrapper.framework; includeInIndex = 0; path = Core.framework; sourceTree = BUILT_PRODUCTS_DIR; };
		3D549CCB26563C66112C6385 /* DefaultPickerViewModel.swift */ = {isa = PBXFileReference; lastKnownFileType = sourcecode.swift; path = DefaultPickerViewModel.swift; sourceTree = "<group>"; };
		3E275C90811B5241AB376576 /* TuistBundle+GiftiGather.swift */ = {isa = PBXFileReference; lastKnownFileType = sourcecode.swift; path = "TuistBundle+GiftiGather.swift"; sourceTree = "<group>"; };
		4025054AB1CC43B44DA07ED2 /* UIImageView+Extension.swift */ = {isa = PBXFileReference; lastKnownFileType = sourcecode.swift; path = "UIImageView+Extension.swift"; sourceTree = "<group>"; };
		46D7550D6913105E8201D2A7 /* Asset.xcassets */ = {isa = PBXFileReference; lastKnownFileType = folder.assetcatalog; path = Asset.xcassets; sourceTree = "<group>"; };
		46EE33EFB5A7AF4D27AE32BF /* DataTests-Info.plist */ = {isa = PBXFileReference; lastKnownFileType = text.plist; path = "DataTests-Info.plist"; sourceTree = "<group>"; };
		4920541B3B29D89709C43039 /* PresentationTests.xctest */ = {isa = PBXFileReference; explicitFileType = wrapper.cfbundle; includeInIndex = 0; path = PresentationTests.xctest; sourceTree = BUILT_PRODUCTS_DIR; };
		5559FE16EB225BB0061FC2A3 /* HomeViewController.swift */ = {isa = PBXFileReference; lastKnownFileType = sourcecode.swift; path = HomeViewController.swift; sourceTree = "<group>"; };
		58C3BAA8E4155F60B5479203 /* DomainTests.xctest */ = {isa = PBXFileReference; explicitFileType = wrapper.cfbundle; includeInIndex = 0; path = DomainTests.xctest; sourceTree = BUILT_PRODUCTS_DIR; };
		595F2C139D0597B3F4784ED2 /* BaseCollectionView.swift */ = {isa = PBXFileReference; lastKnownFileType = sourcecode.swift; path = BaseCollectionView.swift; sourceTree = "<group>"; };
		60880BEE0ACF988C9EA8C97D /* RxRelay.framework */ = {isa = PBXFileReference; explicitFileType = wrapper.framework; includeInIndex = 0; path = RxRelay.framework; sourceTree = BUILT_PRODUCTS_DIR; };
		68BC12751B32B7412D9F1E23 /* Presentation.framework */ = {isa = PBXFileReference; explicitFileType = wrapper.framework; includeInIndex = 0; path = Presentation.framework; sourceTree = BUILT_PRODUCTS_DIR; };
		6A2384A89F37E5991033D33D /* HomeFilterCell.swift */ = {isa = PBXFileReference; lastKnownFileType = sourcecode.swift; path = HomeFilterCell.swift; sourceTree = "<group>"; };
		6B8E0064CE8555C40DB4A49C /* UIColor+Extension.swift */ = {isa = PBXFileReference; lastKnownFileType = sourcecode.swift; path = "UIColor+Extension.swift"; sourceTree = "<group>"; };
		78537625826B238202DF2DD7 /* UIViewController+Extension.swift */ = {isa = PBXFileReference; lastKnownFileType = sourcecode.swift; path = "UIViewController+Extension.swift"; sourceTree = "<group>"; };
		78C0548FBCFCB5A5DF7AA583 /* PickerCell.swift */ = {isa = PBXFileReference; lastKnownFileType = sourcecode.swift; path = PickerCell.swift; sourceTree = "<group>"; };
		79167BD1C83B09218DA251F5 /* String+Extension.swift */ = {isa = PBXFileReference; lastKnownFileType = sourcecode.swift; path = "String+Extension.swift"; sourceTree = "<group>"; };
		8057CB69A1F8C8C45FC8B2D2 /* CGImagePropertyOrientation+Extension.swift */ = {isa = PBXFileReference; lastKnownFileType = sourcecode.swift; path = "CGImagePropertyOrientation+Extension.swift"; sourceTree = "<group>"; };
		8277B37F9BC16574AA410780 /* BaseViewController.swift */ = {isa = PBXFileReference; lastKnownFileType = sourcecode.swift; path = BaseViewController.swift; sourceTree = "<group>"; };
		866742EC047D0362FB3D5C48 /* TuistAssets+GiftiGather.swift */ = {isa = PBXFileReference; lastKnownFileType = sourcecode.swift; path = "TuistAssets+GiftiGather.swift"; sourceTree = "<group>"; };
		8E0B97EE1A250C6DDC1ADCE4 /* RxCocoaRuntime.framework */ = {isa = PBXFileReference; explicitFileType = wrapper.framework; includeInIndex = 0; path = RxCocoaRuntime.framework; sourceTree = BUILT_PRODUCTS_DIR; };
		927F826F7CAABB2C50088544 /* GiftiGather-Info.plist */ = {isa = PBXFileReference; lastKnownFileType = text.plist; path = "GiftiGather-Info.plist"; sourceTree = "<group>"; };
		96744567459E5196C7BC11B5 /* HomeViewModel.swift */ = {isa = PBXFileReference; lastKnownFileType = sourcecode.swift; path = HomeViewModel.swift; sourceTree = "<group>"; };
		9B9EA5A106893BFC10FCBC6A /* Injection.swift */ = {isa = PBXFileReference; lastKnownFileType = sourcecode.swift; path = Injection.swift; sourceTree = "<group>"; };
		9E43C9DAEB1F972BA5673464 /* CellModel.swift */ = {isa = PBXFileReference; lastKnownFileType = sourcecode.swift; path = CellModel.swift; sourceTree = "<group>"; };
		9EBFED0ED1A07609531B3DA7 /* Presentation-Info.plist */ = {isa = PBXFileReference; lastKnownFileType = text.plist; path = "Presentation-Info.plist"; sourceTree = "<group>"; };
		A160973BE1338DC132A5A912 /* HomeFilterCellModel.swift */ = {isa = PBXFileReference; lastKnownFileType = sourcecode.swift; path = HomeFilterCellModel.swift; sourceTree = "<group>"; };
		A1CCF2B50949899831978855 /* DIContainerTests-Info.plist */ = {isa = PBXFileReference; lastKnownFileType = text.plist; path = "DIContainerTests-Info.plist"; sourceTree = "<group>"; };
		A285D6F5233163E3D7407D31 /* DIContainer.framework */ = {isa = PBXFileReference; explicitFileType = wrapper.framework; includeInIndex = 0; path = DIContainer.framework; sourceTree = BUILT_PRODUCTS_DIR; };
		A5297C893627BC33E7F88E1D /* AnyObject+Extension.swift */ = {isa = PBXFileReference; lastKnownFileType = sourcecode.swift; path = "AnyObject+Extension.swift"; sourceTree = "<group>"; };
		AE31167FD8AF8570341AB29A /* TuistStrings+GiftiGather.swift */ = {isa = PBXFileReference; lastKnownFileType = sourcecode.swift; path = "TuistStrings+GiftiGather.swift"; sourceTree = "<group>"; };
		AFC704FFB9CB6E58EFA24EA6 /* CoreTests-Info.plist */ = {isa = PBXFileReference; lastKnownFileType = text.plist; path = "CoreTests-Info.plist"; sourceTree = "<group>"; };
		B3CDB48174B083760329D29B /* HomePhotoCellModel.swift */ = {isa = PBXFileReference; lastKnownFileType = sourcecode.swift; path = HomePhotoCellModel.swift; sourceTree = "<group>"; };
		B86F6548960D005E7DD2C7EA /* ViewModel.swift */ = {isa = PBXFileReference; lastKnownFileType = sourcecode.swift; path = ViewModel.swift; sourceTree = "<group>"; };
		B9E682D21FEE5AA553BB7F82 /* DataTests.xctest */ = {isa = PBXFileReference; explicitFileType = wrapper.cfbundle; includeInIndex = 0; path = DataTests.xctest; sourceTree = BUILT_PRODUCTS_DIR; };
		BAD8C71D569BCF55096FC069 /* RxCocoa.framework */ = {isa = PBXFileReference; explicitFileType = wrapper.framework; includeInIndex = 0; path = RxCocoa.framework; sourceTree = BUILT_PRODUCTS_DIR; };
		BD5A483E5F2026332EFF910F /* BaseTableViewCell.swift */ = {isa = PBXFileReference; lastKnownFileType = sourcecode.swift; path = BaseTableViewCell.swift; sourceTree = "<group>"; };
		BE44DF86817D2079D3D0DDE1 /* UINavigationController+Extension.swift */ = {isa = PBXFileReference; lastKnownFileType = sourcecode.swift; path = "UINavigationController+Extension.swift"; sourceTree = "<group>"; };
		C2946421CF63D610BDE8AAB1 /* Data.framework */ = {isa = PBXFileReference; explicitFileType = wrapper.framework; includeInIndex = 0; path = Data.framework; sourceTree = BUILT_PRODUCTS_DIR; };
		C6258C8EB82C06DE0AD7075C /* Domain.framework */ = {isa = PBXFileReference; explicitFileType = wrapper.framework; includeInIndex = 0; path = Domain.framework; sourceTree = BUILT_PRODUCTS_DIR; };
		D07FF6DD63A744BE9BD80986 /* Swinject.framework */ = {isa = PBXFileReference; explicitFileType = wrapper.framework; includeInIndex = 0; path = Swinject.framework; sourceTree = BUILT_PRODUCTS_DIR; };
		E364FDB5E29D3B68C612EA22 /* en */ = {isa = PBXFileReference; lastKnownFileType = text.plist.strings; name = en; path = en.lproj/Localizable.strings; sourceTree = "<group>"; };
		E3ABFC22C6749B2C2012494D /* PickCellModel.swift */ = {isa = PBXFileReference; lastKnownFileType = sourcecode.swift; path = PickCellModel.swift; sourceTree = "<group>"; };
		E45A93F05235C339F1CED854 /* ja */ = {isa = PBXFileReference; lastKnownFileType = text.plist.strings; name = ja; path = ja.lproj/Localizable.strings; sourceTree = "<group>"; };
		E6B0D7BF1C0FEEAF0934D521 /* Data-Info.plist */ = {isa = PBXFileReference; lastKnownFileType = text.plist; path = "Data-Info.plist"; sourceTree = "<group>"; };
		E6E22044E53E54C37FDF0C2F /* DomainTests-Info.plist */ = {isa = PBXFileReference; lastKnownFileType = text.plist; path = "DomainTests-Info.plist"; sourceTree = "<group>"; };
		EBF93FDA2DA751DC4B3EBEA3 /* PickerViewController+Extension.swift */ = {isa = PBXFileReference; lastKnownFileType = sourcecode.swift; path = "PickerViewController+Extension.swift"; sourceTree = "<group>"; };
		F031968ABB65CC85FC9EDD88 /* NoDataCellModel.swift */ = {isa = PBXFileReference; lastKnownFileType = sourcecode.swift; path = NoDataCellModel.swift; sourceTree = "<group>"; };
		F34808ADC524A8DD4C2A7FDA /* PickerViewController.swift */ = {isa = PBXFileReference; lastKnownFileType = sourcecode.swift; path = PickerViewController.swift; sourceTree = "<group>"; };
		F77CA34900F7F9F3D00D2F7E /* NoDataCollectionViewCell.swift */ = {isa = PBXFileReference; lastKnownFileType = sourcecode.swift; path = NoDataCollectionViewCell.swift; sourceTree = "<group>"; };
		F81158A8794CEA749DBE510C /* Core-Info.plist */ = {isa = PBXFileReference; lastKnownFileType = text.plist; path = "Core-Info.plist"; sourceTree = "<group>"; };
		FF0BF5784632E4FB8F184893 /* RxSwift.framework */ = {isa = PBXFileReference; explicitFileType = wrapper.framework; includeInIndex = 0; path = RxSwift.framework; sourceTree = BUILT_PRODUCTS_DIR; };
/* End PBXFileReference section */

/* Begin PBXFrameworksBuildPhase section */
		0788037663BE69206FBBE57C /* Frameworks */ = {
			isa = PBXFrameworksBuildPhase;
			buildActionMask = 2147483647;
			files = (
			);
			runOnlyForDeploymentPostprocessing = 0;
		};
		3FAA0E52146482FF47BC8495 /* Frameworks */ = {
			isa = PBXFrameworksBuildPhase;
			buildActionMask = 2147483647;
			files = (
				2A7D5F3CE0FEB0D9280A2958 /* Data.framework in Frameworks */,
			);
			runOnlyForDeploymentPostprocessing = 0;
		};
		5DB55C42CDBFB8F0E31B5542 /* Frameworks */ = {
			isa = PBXFrameworksBuildPhase;
			buildActionMask = 2147483647;
			files = (
				6B2724A99517E8D644E95EC2 /* Core.framework in Frameworks */,
				DB621FA454C4AC4D94AC3FE8 /* DIContainer.framework in Frameworks */,
				9C8464DD0BDDCD2C7DCFE2DD /* Domain.framework in Frameworks */,
				AA6917EDD621276E7B55A735 /* RxCocoa.framework in Frameworks */,
				02AC6FDC1C75181A7B8A99D6 /* RxSwift.framework in Frameworks */,
			);
			runOnlyForDeploymentPostprocessing = 0;
		};
		720E70AAD7870CD49BF38B51 /* Frameworks */ = {
			isa = PBXFrameworksBuildPhase;
			buildActionMask = 2147483647;
			files = (
				8DB6727F16C1CE025EE50067 /* Core.framework in Frameworks */,
				2A61B8A5043157F1D848A813 /* DIContainer.framework in Frameworks */,
				1953A1DE2E87CFD4810F8F77 /* Domain.framework in Frameworks */,
				5E5887552EA49769E63395F1 /* Presentation.framework in Frameworks */,
				10A482E7DAE1566B47A47E8F /* RxCocoa.framework in Frameworks */,
				0D3A2BACAE0EAB2DB08168D1 /* RxSwift.framework in Frameworks */,
				3C6653CD5565C402EA266D3E /* Swinject.framework in Frameworks */,
			);
			runOnlyForDeploymentPostprocessing = 0;
		};
		7A2F8526862DF14B3C4AA04B /* Frameworks */ = {
			isa = PBXFrameworksBuildPhase;
			buildActionMask = 2147483647;
			files = (
				1DE6816D9739C3442CC6BB9E /* Swinject.framework in Frameworks */,
			);
			runOnlyForDeploymentPostprocessing = 0;
		};
		7C8ED84C95AEFC8FCE05EA77 /* Frameworks */ = {
			isa = PBXFrameworksBuildPhase;
			buildActionMask = 2147483647;
			files = (
				4B8A3122973AD2298E4ADBC9 /* Core.framework in Frameworks */,
				B1CB8CB63694D01159FEA6D0 /* DIContainer.framework in Frameworks */,
			);
			runOnlyForDeploymentPostprocessing = 0;
		};
		84BF5CECC82F6C1007F09B6C /* Frameworks */ = {
			isa = PBXFrameworksBuildPhase;
			buildActionMask = 2147483647;
			files = (
				59DED7373FF1BA06A38FE5A5 /* Domain.framework in Frameworks */,
			);
			runOnlyForDeploymentPostprocessing = 0;
		};
		8921E7F46B617783145A179C /* Frameworks */ = {
			isa = PBXFrameworksBuildPhase;
			buildActionMask = 2147483647;
			files = (
				0B98F0E14B3A2C5DB87D78F9 /* Presentation.framework in Frameworks */,
			);
			runOnlyForDeploymentPostprocessing = 0;
		};
		9FFF890714E6AFBCD59EA37C /* Frameworks */ = {
			isa = PBXFrameworksBuildPhase;
			buildActionMask = 2147483647;
			files = (
				DCF8CBEC3BDEFDFDF887EBCA /* DIContainer.framework in Frameworks */,
			);
			runOnlyForDeploymentPostprocessing = 0;
		};
		A89A0CE7626A0B1E12EEB87C /* Frameworks */ = {
			isa = PBXFrameworksBuildPhase;
			buildActionMask = 2147483647;
			files = (
				CE57AE0885F42F85AF94F2AB /* Domain.framework in Frameworks */,
				119C2F7C049E883BFBC1C50D /* RxSwift.framework in Frameworks */,
			);
			runOnlyForDeploymentPostprocessing = 0;
		};
		ABF80EFB175938976D57B4C7 /* Frameworks */ = {
			isa = PBXFrameworksBuildPhase;
			buildActionMask = 2147483647;
			files = (
				39FCCE3AE885EC8A5D69E42B /* Core.framework in Frameworks */,
			);
			runOnlyForDeploymentPostprocessing = 0;
		};
/* End PBXFrameworksBuildPhase section */

/* Begin PBXGroup section */
		09818C312766A87B3BF48F18 /* Manager */ = {
			isa = PBXGroup;
			children = (
				2B6545600BBE796138A41EA7 /* PhotoAuthManager.swift */,
				232CF63BE726B18C9D380F60 /* PhotosManager.swift */,
			);
			path = Manager;
			sourceTree = "<group>";
		};
		20E10DF6F746C1077FB31038 /* Frameworks */ = {
			isa = PBXGroup;
			children = (
			);
			name = Frameworks;
			sourceTree = "<group>";
		};
		20FCABFDA08BEEE536E990E6 /* Views */ = {
			isa = PBXGroup;
			children = (
				78C0548FBCFCB5A5DF7AA583 /* PickerCell.swift */,
			);
			path = Views;
			sourceTree = "<group>";
		};
		2632C45F947D35F6B41CB5B7 /* Model */ = {
			isa = PBXGroup;
			children = (
				E3ABFC22C6749B2C2012494D /* PickCellModel.swift */,
			);
			path = Model;
			sourceTree = "<group>";
		};
		34E05F99B7E0D7BAC577B8C5 /* Module */ = {
			isa = PBXGroup;
			children = (
				F77CA34900F7F9F3D00D2F7E /* NoDataCollectionViewCell.swift */,
			);
			path = Module;
			sourceTree = "<group>";
		};
		3BE09AAC4E6C9C08CD0582A3 /* Extension */ = {
			isa = PBXGroup;
			children = (
				A5297C893627BC33E7F88E1D /* AnyObject+Extension.swift */,
				8057CB69A1F8C8C45FC8B2D2 /* CGImagePropertyOrientation+Extension.swift */,
				32876994F4C711DC8747DD9F /* Injection+Extesnion.swift */,
				79167BD1C83B09218DA251F5 /* String+Extension.swift */,
				6B8E0064CE8555C40DB4A49C /* UIColor+Extension.swift */,
				4025054AB1CC43B44DA07ED2 /* UIImageView+Extension.swift */,
				BE44DF86817D2079D3D0DDE1 /* UINavigationController+Extension.swift */,
				78537625826B238202DF2DD7 /* UIViewController+Extension.swift */,
			);
			path = Extension;
			sourceTree = "<group>";
		};
		3F5861A02B825D6BBDD6C350 /* Sources */ = {
			isa = PBXGroup;
			children = (
				B4A4363D73663D7A1DF69B4C /* Application */,
				583E6B8E20D97D3204E21C11 /* Base */,
				3BE09AAC4E6C9C08CD0582A3 /* Extension */,
				09818C312766A87B3BF48F18 /* Manager */,
				34E05F99B7E0D7BAC577B8C5 /* Module */,
				43C40886284492F14D6824DC /* Scene */,
			);
			path = Sources;
			sourceTree = "<group>";
		};
		43C40886284492F14D6824DC /* Scene */ = {
			isa = PBXGroup;
			children = (
				B8910CCF7486FE2B28F59260 /* Home */,
				51850D78613D5C93A6A2EAD9 /* Picker */,
			);
			path = Scene;
			sourceTree = "<group>";
		};
		4EC28A117B082704CD489EA6 /* Resources */ = {
			isa = PBXGroup;
			children = (
				CF3C2B8C3AC5ED060389DD38 /* Localizable.strings */,
				46D7550D6913105E8201D2A7 /* Asset.xcassets */,
				1327C0D5CC38C5E381259D93 /* LaunchScreen.storyboard */,
			);
			path = Resources;
			sourceTree = "<group>";
		};
		4F7B40E872C35EF468ED2820 /* Sources */ = {
			isa = PBXGroup;
			children = (
				9B9EA5A106893BFC10FCBC6A /* Injection.swift */,
			);
			path = Sources;
			sourceTree = "<group>";
		};
		51850D78613D5C93A6A2EAD9 /* Picker */ = {
			isa = PBXGroup;
			children = (
				20FCABFDA08BEEE536E990E6 /* Views */,
				F34808ADC524A8DD4C2A7FDA /* PickerViewController.swift */,
				EBF93FDA2DA751DC4B3EBEA3 /* PickerViewController+Extension.swift */,
			);
			path = Picker;
			sourceTree = "<group>";
		};
		5246BC17F64205B80FC5C19E /* DIContainer */ = {
			isa = PBXGroup;
			children = (
				4F7B40E872C35EF468ED2820 /* Sources */,
			);
			path = DIContainer;
			sourceTree = "<group>";
		};
		5270DBBCC15675D758B69BB5 /* Targets */ = {
			isa = PBXGroup;
			children = (
				5246BC17F64205B80FC5C19E /* DIContainer */,
				6469C7CE731ECC3C0D53CB2F /* GiftiGather */,
				58B8CFA1377765E9E4C0E31D /* Presentation */,
			);
			path = Targets;
			sourceTree = "<group>";
		};
		57973B82F31729BD5497CB2B /* Sources */ = {
			isa = PBXGroup;
			children = (
				866742EC047D0362FB3D5C48 /* TuistAssets+GiftiGather.swift */,
				3E275C90811B5241AB376576 /* TuistBundle+GiftiGather.swift */,
				AE31167FD8AF8570341AB29A /* TuistStrings+GiftiGather.swift */,
			);
			path = Sources;
			sourceTree = "<group>";
		};
		583E6B8E20D97D3204E21C11 /* Base */ = {
			isa = PBXGroup;
			children = (
				595F2C139D0597B3F4784ED2 /* BaseCollectionView.swift */,
				BD5A483E5F2026332EFF910F /* BaseTableViewCell.swift */,
				8277B37F9BC16574AA410780 /* BaseViewController.swift */,
			);
			path = Base;
			sourceTree = "<group>";
		};
		58B8CFA1377765E9E4C0E31D /* Presentation */ = {
			isa = PBXGroup;
			children = (
				5A026FD942C07BDE69D28A97 /* Sources */,
			);
			path = Presentation;
			sourceTree = "<group>";
		};
		5A026FD942C07BDE69D28A97 /* Sources */ = {
			isa = PBXGroup;
			children = (
				C1E17591FBE6569906BE2FA6 /* Home */,
				5B6FC9878442FCFAB4A4B3A9 /* Picker */,
				9E43C9DAEB1F972BA5673464 /* CellModel.swift */,
				F031968ABB65CC85FC9EDD88 /* NoDataCellModel.swift */,
				B86F6548960D005E7DD2C7EA /* ViewModel.swift */,
			);
			path = Sources;
			sourceTree = "<group>";
		};
		5B6FC9878442FCFAB4A4B3A9 /* Picker */ = {
			isa = PBXGroup;
			children = (
				2632C45F947D35F6B41CB5B7 /* Model */,
				3D549CCB26563C66112C6385 /* DefaultPickerViewModel.swift */,
				05FEAA56E74F9648427050A5 /* PickerViewModel.swift */,
			);
			path = Picker;
			sourceTree = "<group>";
		};
		6469C7CE731ECC3C0D53CB2F /* GiftiGather */ = {
			isa = PBXGroup;
			children = (
				4EC28A117B082704CD489EA6 /* Resources */,
				3F5861A02B825D6BBDD6C350 /* Sources */,
			);
			path = GiftiGather;
			sourceTree = "<group>";
		};
		712C4E9CE48FD54A574F51D7 /* Views */ = {
			isa = PBXGroup;
			children = (
				6A2384A89F37E5991033D33D /* HomeFilterCell.swift */,
				2564E82C1BEFFC70919DEA66 /* HomePhotoCell.swift */,
			);
			path = Views;
			sourceTree = "<group>";
		};
		83D9B9531ECE02E15892E6AB = {
			isa = PBXGroup;
			children = (
				A582093538FDA6CCDC09308A /* Project */,
				20E10DF6F746C1077FB31038 /* Frameworks */,
				DC1BD174F74E3D8AADD411AD /* Products */,
			);
			sourceTree = "<group>";
		};
		8652272C39D46034A50C0471 /* Model */ = {
			isa = PBXGroup;
			children = (
				A160973BE1338DC132A5A912 /* HomeFilterCellModel.swift */,
				B3CDB48174B083760329D29B /* HomePhotoCellModel.swift */,
			);
			path = Model;
			sourceTree = "<group>";
		};
		89243FED66D78AEB9CE61EC7 /* Derived */ = {
			isa = PBXGroup;
			children = (
				AF0BF7C4B6E51D0D4B511814 /* InfoPlists */,
				57973B82F31729BD5497CB2B /* Sources */,
			);
			path = Derived;
			sourceTree = "<group>";
		};
		A582093538FDA6CCDC09308A /* Project */ = {
			isa = PBXGroup;
			children = (
				89243FED66D78AEB9CE61EC7 /* Derived */,
				5270DBBCC15675D758B69BB5 /* Targets */,
			);
			name = Project;
			sourceTree = "<group>";
		};
		AF0BF7C4B6E51D0D4B511814 /* InfoPlists */ = {
			isa = PBXGroup;
			children = (
				F81158A8794CEA749DBE510C /* Core-Info.plist */,
				AFC704FFB9CB6E58EFA24EA6 /* CoreTests-Info.plist */,
				E6B0D7BF1C0FEEAF0934D521 /* Data-Info.plist */,
				46EE33EFB5A7AF4D27AE32BF /* DataTests-Info.plist */,
				09EF7B7E64DFB2B02A2BD819 /* DIContainer-Info.plist */,
				A1CCF2B50949899831978855 /* DIContainerTests-Info.plist */,
				13940574F0040F85CFC478D4 /* Domain-Info.plist */,
				E6E22044E53E54C37FDF0C2F /* DomainTests-Info.plist */,
				927F826F7CAABB2C50088544 /* GiftiGather-Info.plist */,
				9EBFED0ED1A07609531B3DA7 /* Presentation-Info.plist */,
				15F53CB3E73906A9FE19C52F /* PresentationTests-Info.plist */,
			);
			path = InfoPlists;
			sourceTree = "<group>";
		};
		B4A4363D73663D7A1DF69B4C /* Application */ = {
			isa = PBXGroup;
			children = (
				162A6B720DAAD33AC864027D /* AppDelegate.swift */,
			);
			path = Application;
			sourceTree = "<group>";
		};
		B8910CCF7486FE2B28F59260 /* Home */ = {
			isa = PBXGroup;
			children = (
				712C4E9CE48FD54A574F51D7 /* Views */,
				5559FE16EB225BB0061FC2A3 /* HomeViewController.swift */,
				005434CAFD79C264AF2F4921 /* HomeViewController+Extension.swift */,
				2A15FE0F49E2C4BACCB57D9E /* HomeViewStatus.swift */,
			);
			path = Home;
			sourceTree = "<group>";
		};
		C1E17591FBE6569906BE2FA6 /* Home */ = {
			isa = PBXGroup;
			children = (
				8652272C39D46034A50C0471 /* Model */,
				18EDECBEFA5DA2C4259C0B4F /* DefaultHomeViewModel.swift */,
				96744567459E5196C7BC11B5 /* HomeViewModel.swift */,
			);
			path = Home;
			sourceTree = "<group>";
		};
		DC1BD174F74E3D8AADD411AD /* Products */ = {
			isa = PBXGroup;
			children = (
				3A5E97E162016F8459D16125 /* Core.framework */,
				0989C4AF9C6C519F306D67BB /* CoreTests.xctest */,
				C2946421CF63D610BDE8AAB1 /* Data.framework */,
				B9E682D21FEE5AA553BB7F82 /* DataTests.xctest */,
				A285D6F5233163E3D7407D31 /* DIContainer.framework */,
				16D026428A14BC524363058E /* DIContainerTests.xctest */,
				C6258C8EB82C06DE0AD7075C /* Domain.framework */,
				58C3BAA8E4155F60B5479203 /* DomainTests.xctest */,
				2660ED000B007577D7A1CF8A /* GiftiGather.app */,
				68BC12751B32B7412D9F1E23 /* Presentation.framework */,
				4920541B3B29D89709C43039 /* PresentationTests.xctest */,
				BAD8C71D569BCF55096FC069 /* RxCocoa.framework */,
				8E0B97EE1A250C6DDC1ADCE4 /* RxCocoaRuntime.framework */,
				60880BEE0ACF988C9EA8C97D /* RxRelay.framework */,
				FF0BF5784632E4FB8F184893 /* RxSwift.framework */,
				D07FF6DD63A744BE9BD80986 /* Swinject.framework */,
			);
			name = Products;
			sourceTree = "<group>";
		};
/* End PBXGroup section */

/* Begin PBXNativeTarget section */
		3544BEF2D352BB08DADEA8D0 /* DomainTests */ = {
			isa = PBXNativeTarget;
			buildConfigurationList = 80DEAB8D8B7AA627EAC41E83 /* Build configuration list for PBXNativeTarget "DomainTests" */;
			buildPhases = (
				00FD27BBAF9C0880B36F4908 /* Sources */,
				EDBBC3003FD437627C14BC15 /* Resources */,
				EE399E7970C366FB03C32847 /* Embed Frameworks */,
				84BF5CECC82F6C1007F09B6C /* Frameworks */,
			);
			buildRules = (
			);
			dependencies = (
				A7A3D07107BC6185622036A7 /* PBXTargetDependency */,
			);
			name = DomainTests;
			productName = DomainTests;
			productReference = 58C3BAA8E4155F60B5479203 /* DomainTests.xctest */;
			productType = "com.apple.product-type.bundle.unit-test";
		};
		3EDC0CDCA4889F2C2695E38E /* GiftiGather */ = {
			isa = PBXNativeTarget;
			buildConfigurationList = 5817B09C0732C25034FEFF1F /* Build configuration list for PBXNativeTarget "GiftiGather" */;
			buildPhases = (
				B41F28F26DD6F73EDE0A2EF0 /* Sources */,
				691614ADC12AB798BD0291D5 /* Resources */,
				2BA20FA50C6B1C3B2EA43674 /* Embed Frameworks */,
				720E70AAD7870CD49BF38B51 /* Frameworks */,
			);
			buildRules = (
			);
			dependencies = (
				461ACC74E879DDC2E0D691CA /* PBXTargetDependency */,
				29E80D8C7B02553097D44C9A /* PBXTargetDependency */,
				585B425900476C45A889F3A2 /* PBXTargetDependency */,
				FB50A33DD4AB27CFEB4923F5 /* PBXTargetDependency */,
			);
			name = GiftiGather;
			productName = GiftiGather;
			productReference = 2660ED000B007577D7A1CF8A /* GiftiGather.app */;
			productType = "com.apple.product-type.application";
		};
		6874DA100A46AE35DDFB9F7D /* DIContainer */ = {
			isa = PBXNativeTarget;
			buildConfigurationList = 466E5CB3B4ED1807CE55C458 /* Build configuration list for PBXNativeTarget "DIContainer" */;
			buildPhases = (
				722FDD4A08DAAD449BDBF7AB /* Sources */,
				E75B66E2AE98BCAB8B472581 /* Resources */,
				00DFABFF6CE2EEDC9CB9C95D /* Embed Frameworks */,
				7A2F8526862DF14B3C4AA04B /* Frameworks */,
			);
			buildRules = (
			);
			dependencies = (
			);
			name = DIContainer;
			productName = DIContainer;
			productReference = A285D6F5233163E3D7407D31 /* DIContainer.framework */;
			productType = "com.apple.product-type.framework";
		};
		6FE147F0D80B1785E91C987B /* DataTests */ = {
			isa = PBXNativeTarget;
			buildConfigurationList = E5A2B5806D97F7233F4BE6AC /* Build configuration list for PBXNativeTarget "DataTests" */;
			buildPhases = (
				BBF60E34B9541595AD011BB4 /* Sources */,
				A32F5A7E4EE1C110AC1C2651 /* Resources */,
				5C5354B58F85968C95ED3B36 /* Embed Frameworks */,
				3FAA0E52146482FF47BC8495 /* Frameworks */,
			);
			buildRules = (
			);
			dependencies = (
				0C14E6A336D0BC0E3D03AA84 /* PBXTargetDependency */,
			);
			name = DataTests;
			productName = DataTests;
			productReference = B9E682D21FEE5AA553BB7F82 /* DataTests.xctest */;
			productType = "com.apple.product-type.bundle.unit-test";
		};
		7C93DFB97A0331C8612547CB /* CoreTests */ = {
			isa = PBXNativeTarget;
			buildConfigurationList = E85BD785F56374E51C149BA3 /* Build configuration list for PBXNativeTarget "CoreTests" */;
			buildPhases = (
				90CA7F5AE196672026180CDE /* Sources */,
				1A2AD55089AD6BF5160B7410 /* Resources */,
				15100F2E8BC184F55B5DBCFD /* Embed Frameworks */,
				ABF80EFB175938976D57B4C7 /* Frameworks */,
			);
			buildRules = (
			);
			dependencies = (
				68D080C087C4499C326297BC /* PBXTargetDependency */,
			);
			name = CoreTests;
			productName = CoreTests;
			productReference = 0989C4AF9C6C519F306D67BB /* CoreTests.xctest */;
			productType = "com.apple.product-type.bundle.unit-test";
		};
		7EFEF27AA4A5597FDC9378E3 /* PresentationTests */ = {
			isa = PBXNativeTarget;
			buildConfigurationList = 0AE5FCF2083046A52BDF7E8F /* Build configuration list for PBXNativeTarget "PresentationTests" */;
			buildPhases = (
				964372924C9F5D76D978D4CA /* Sources */,
				B20A8DDD1D6D7895A9D35A8B /* Resources */,
				F8BDEB3A4CB6E85363F906CA /* Embed Frameworks */,
				8921E7F46B617783145A179C /* Frameworks */,
			);
			buildRules = (
			);
			dependencies = (
				B4996EE80A9B0D03BF50E608 /* PBXTargetDependency */,
			);
			name = PresentationTests;
			productName = PresentationTests;
			productReference = 4920541B3B29D89709C43039 /* PresentationTests.xctest */;
			productType = "com.apple.product-type.bundle.unit-test";
		};
		91414778501013A68E47525D /* Data */ = {
			isa = PBXNativeTarget;
			buildConfigurationList = 8F2B59612399D78DAACF73B3 /* Build configuration list for PBXNativeTarget "Data" */;
			buildPhases = (
				ACF5CDBC815BE9786A24C2A5 /* Sources */,
				2CB49F8CA60AFF5070D3E23A /* Resources */,
				83ABF3FBA1E14136D5FAFA16 /* Embed Frameworks */,
				A89A0CE7626A0B1E12EEB87C /* Frameworks */,
			);
			buildRules = (
			);
			dependencies = (
				6CFD400372F7A67A19DB5B60 /* PBXTargetDependency */,
			);
			name = Data;
			productName = Data;
			productReference = C2946421CF63D610BDE8AAB1 /* Data.framework */;
			productType = "com.apple.product-type.framework";
		};
		9FB2DEA7C082CA1FCBA3C06C /* Domain */ = {
			isa = PBXNativeTarget;
			buildConfigurationList = 19D7CDA44A68990899387BA6 /* Build configuration list for PBXNativeTarget "Domain" */;
			buildPhases = (
				98E3D839703F511FC7080241 /* Sources */,
				325559755B9835F10F732EA6 /* Resources */,
				98548ECAB011E7F659715132 /* Embed Frameworks */,
				7C8ED84C95AEFC8FCE05EA77 /* Frameworks */,
			);
			buildRules = (
			);
			dependencies = (
				5D643371DA242F3A0BACD7B5 /* PBXTargetDependency */,
				46681FEDBD14A3A119BE71C9 /* PBXTargetDependency */,
			);
			name = Domain;
			productName = Domain;
			productReference = C6258C8EB82C06DE0AD7075C /* Domain.framework */;
			productType = "com.apple.product-type.framework";
		};
		A1505109CC9A7BDA415EACD0 /* Presentation */ = {
			isa = PBXNativeTarget;
			buildConfigurationList = 057FAC3D615EC6FD56DA5B61 /* Build configuration list for PBXNativeTarget "Presentation" */;
			buildPhases = (
				477DCAFE1B293E36FF76C6C4 /* Sources */,
				E86147EEA1A25BB0E496A96C /* Resources */,
				E353F7B426A7407670B54A2B /* Embed Frameworks */,
				5DB55C42CDBFB8F0E31B5542 /* Frameworks */,
			);
			buildRules = (
			);
			dependencies = (
				8577CDB5592D37C61A6FCFBC /* PBXTargetDependency */,
				63024D156DECF28C007C39E0 /* PBXTargetDependency */,
				F8082ED41FBCF16819A15706 /* PBXTargetDependency */,
			);
			name = Presentation;
			productName = Presentation;
			productReference = 68BC12751B32B7412D9F1E23 /* Presentation.framework */;
			productType = "com.apple.product-type.framework";
		};
		B9F8CC90CB81FF87D7154973 /* DIContainerTests */ = {
			isa = PBXNativeTarget;
			buildConfigurationList = 50AA9E9607D4B6030AE80F4C /* Build configuration list for PBXNativeTarget "DIContainerTests" */;
			buildPhases = (
				502E54DAF8D15751658D8769 /* Sources */,
				F569A859D6C2A111B34B9EF8 /* Resources */,
				848BC4FF204B04EDB3C59058 /* Embed Frameworks */,
				9FFF890714E6AFBCD59EA37C /* Frameworks */,
			);
			buildRules = (
			);
			dependencies = (
				9EEA79F2FEB0222A73C27380 /* PBXTargetDependency */,
			);
			name = DIContainerTests;
			productName = DIContainerTests;
			productReference = 16D026428A14BC524363058E /* DIContainerTests.xctest */;
			productType = "com.apple.product-type.bundle.unit-test";
		};
		FA477751D57D20FC5DB7AB1B /* Core */ = {
			isa = PBXNativeTarget;
			buildConfigurationList = 8EDE4C58C3168A589467E62A /* Build configuration list for PBXNativeTarget "Core" */;
			buildPhases = (
				658CA8A99E5674BE9FEAA6B5 /* Sources */,
				C56DCA0A4E04E95DDE241082 /* Resources */,
				185458DE3EAE6C958A4213DB /* Embed Frameworks */,
				0788037663BE69206FBBE57C /* Frameworks */,
			);
			buildRules = (
			);
			dependencies = (
			);
			name = Core;
			productName = Core;
			productReference = 3A5E97E162016F8459D16125 /* Core.framework */;
			productType = "com.apple.product-type.framework";
		};
/* End PBXNativeTarget section */

/* Begin PBXProject section */
		66E6969ED92B6D48CBDF69E7 /* Project object */ = {
			isa = PBXProject;
			attributes = {
				ORGANIZATIONNAME = GiftiGather;
				TargetAttributes = {
				};
			};
			buildConfigurationList = 87FA5BF0B4D56B42B4705190 /* Build configuration list for PBXProject "GiftiGather" */;
			compatibilityVersion = "Xcode 13.0";
			developmentRegion = en;
			hasScannedForEncodings = 0;
			knownRegions = (
				Base,
				en,
				ja,
				ko,
			);
			mainGroup = 83D9B9531ECE02E15892E6AB;
			productRefGroup = DC1BD174F74E3D8AADD411AD /* Products */;
			projectDirPath = "";
			projectRoot = "";
			targets = (
				3EDC0CDCA4889F2C2695E38E /* GiftiGather */,
				7C93DFB97A0331C8612547CB /* CoreTests */,
				6FE147F0D80B1785E91C987B /* DataTests */,
				A1505109CC9A7BDA415EACD0 /* Presentation */,
				91414778501013A68E47525D /* Data */,
				6874DA100A46AE35DDFB9F7D /* DIContainer */,
				7EFEF27AA4A5597FDC9378E3 /* PresentationTests */,
				3544BEF2D352BB08DADEA8D0 /* DomainTests */,
				9FB2DEA7C082CA1FCBA3C06C /* Domain */,
				FA477751D57D20FC5DB7AB1B /* Core */,
				B9F8CC90CB81FF87D7154973 /* DIContainerTests */,
			);
		};
/* End PBXProject section */

/* Begin PBXResourcesBuildPhase section */
		1A2AD55089AD6BF5160B7410 /* Resources */ = {
			isa = PBXResourcesBuildPhase;
			buildActionMask = 2147483647;
			files = (
			);
			runOnlyForDeploymentPostprocessing = 0;
		};
		2CB49F8CA60AFF5070D3E23A /* Resources */ = {
			isa = PBXResourcesBuildPhase;
			buildActionMask = 2147483647;
			files = (
			);
			runOnlyForDeploymentPostprocessing = 0;
		};
		325559755B9835F10F732EA6 /* Resources */ = {
			isa = PBXResourcesBuildPhase;
			buildActionMask = 2147483647;
			files = (
			);
			runOnlyForDeploymentPostprocessing = 0;
		};
		691614ADC12AB798BD0291D5 /* Resources */ = {
			isa = PBXResourcesBuildPhase;
			buildActionMask = 2147483647;
			files = (
				80F21BDD7DE3BD4DC9758E2C /* Asset.xcassets in Resources */,
				BCBAF96ADE5070C0F46B5C2C /* LaunchScreen.storyboard in Resources */,
				31A53088D5605F49E0E7558A /* Localizable.strings in Resources */,
			);
			runOnlyForDeploymentPostprocessing = 0;
		};
		A32F5A7E4EE1C110AC1C2651 /* Resources */ = {
			isa = PBXResourcesBuildPhase;
			buildActionMask = 2147483647;
			files = (
			);
			runOnlyForDeploymentPostprocessing = 0;
		};
		B20A8DDD1D6D7895A9D35A8B /* Resources */ = {
			isa = PBXResourcesBuildPhase;
			buildActionMask = 2147483647;
			files = (
			);
			runOnlyForDeploymentPostprocessing = 0;
		};
		C56DCA0A4E04E95DDE241082 /* Resources */ = {
			isa = PBXResourcesBuildPhase;
			buildActionMask = 2147483647;
			files = (
			);
			runOnlyForDeploymentPostprocessing = 0;
		};
		E75B66E2AE98BCAB8B472581 /* Resources */ = {
			isa = PBXResourcesBuildPhase;
			buildActionMask = 2147483647;
			files = (
			);
			runOnlyForDeploymentPostprocessing = 0;
		};
		E86147EEA1A25BB0E496A96C /* Resources */ = {
			isa = PBXResourcesBuildPhase;
			buildActionMask = 2147483647;
			files = (
			);
			runOnlyForDeploymentPostprocessing = 0;
		};
		EDBBC3003FD437627C14BC15 /* Resources */ = {
			isa = PBXResourcesBuildPhase;
			buildActionMask = 2147483647;
			files = (
			);
			runOnlyForDeploymentPostprocessing = 0;
		};
		F569A859D6C2A111B34B9EF8 /* Resources */ = {
			isa = PBXResourcesBuildPhase;
			buildActionMask = 2147483647;
			files = (
			);
			runOnlyForDeploymentPostprocessing = 0;
		};
/* End PBXResourcesBuildPhase section */

/* Begin PBXSourcesBuildPhase section */
		00FD27BBAF9C0880B36F4908 /* Sources */ = {
			isa = PBXSourcesBuildPhase;
			buildActionMask = 2147483647;
			files = (
			);
			runOnlyForDeploymentPostprocessing = 0;
		};
		477DCAFE1B293E36FF76C6C4 /* Sources */ = {
			isa = PBXSourcesBuildPhase;
			buildActionMask = 2147483647;
			files = (
				2C47B8A10A08AA4D54D33D8E /* CellModel.swift in Sources */,
				9ED5673CCB7BC9C469575D88 /* DefaultHomeViewModel.swift in Sources */,
				D1B8DEA5382DC5A9117438B8 /* HomeViewModel.swift in Sources */,
				D464E69E971BD3DCB2A38FF9 /* HomeFilterCellModel.swift in Sources */,
				C9E25F0A0E31EC146BD7E9C8 /* HomePhotoCellModel.swift in Sources */,
				162E8F5B57DA77A205C6B56A /* NoDataCellModel.swift in Sources */,
				7D030B0F4B335EC9C89A12A5 /* DefaultPickerViewModel.swift in Sources */,
				46D888163E21AA52FCB02335 /* PickCellModel.swift in Sources */,
				C3F0ADD983C0A2484DE0972A /* PickerViewModel.swift in Sources */,
				E97F2FB574AD7E77F7D54054 /* ViewModel.swift in Sources */,
			);
			runOnlyForDeploymentPostprocessing = 0;
		};
		502E54DAF8D15751658D8769 /* Sources */ = {
			isa = PBXSourcesBuildPhase;
			buildActionMask = 2147483647;
			files = (
			);
			runOnlyForDeploymentPostprocessing = 0;
		};
		658CA8A99E5674BE9FEAA6B5 /* Sources */ = {
			isa = PBXSourcesBuildPhase;
			buildActionMask = 2147483647;
			files = (
			);
			runOnlyForDeploymentPostprocessing = 0;
		};
		722FDD4A08DAAD449BDBF7AB /* Sources */ = {
			isa = PBXSourcesBuildPhase;
			buildActionMask = 2147483647;
			files = (
				48F82436A1EDA8DDE37D3CB6 /* Injection.swift in Sources */,
			);
			runOnlyForDeploymentPostprocessing = 0;
		};
		90CA7F5AE196672026180CDE /* Sources */ = {
			isa = PBXSourcesBuildPhase;
			buildActionMask = 2147483647;
			files = (
			);
			runOnlyForDeploymentPostprocessing = 0;
		};
		964372924C9F5D76D978D4CA /* Sources */ = {
			isa = PBXSourcesBuildPhase;
			buildActionMask = 2147483647;
			files = (
			);
			runOnlyForDeploymentPostprocessing = 0;
		};
		98E3D839703F511FC7080241 /* Sources */ = {
			isa = PBXSourcesBuildPhase;
			buildActionMask = 2147483647;
			files = (
			);
			runOnlyForDeploymentPostprocessing = 0;
		};
		ACF5CDBC815BE9786A24C2A5 /* Sources */ = {
			isa = PBXSourcesBuildPhase;
			buildActionMask = 2147483647;
			files = (
			);
			runOnlyForDeploymentPostprocessing = 0;
		};
		B41F28F26DD6F73EDE0A2EF0 /* Sources */ = {
			isa = PBXSourcesBuildPhase;
			buildActionMask = 2147483647;
			files = (
				DB4DDF7874D693DC1D21537A /* TuistAssets+GiftiGather.swift in Sources */,
				2308DFAC955C1090336FF30E /* TuistBundle+GiftiGather.swift in Sources */,
				21ED43DDFD1B3A9D7EDA3EA2 /* TuistStrings+GiftiGather.swift in Sources */,
				B466B9B9C8BFC6B81CFCFE40 /* AppDelegate.swift in Sources */,
				2FF779B4C5B94555B48038A1 /* BaseCollectionView.swift in Sources */,
				51A09FE849EB336E9B236E7A /* BaseTableViewCell.swift in Sources */,
				3D467400D8BDE5A2B9B327C5 /* BaseViewController.swift in Sources */,
				FE66E1046F4363C343539E08 /* AnyObject+Extension.swift in Sources */,
				DF8F2E70B754D31C79661026 /* CGImagePropertyOrientation+Extension.swift in Sources */,
				869A3833C664CDC9536DB29F /* Injection+Extesnion.swift in Sources */,
				E859C2283FDB48FF7200C307 /* String+Extension.swift in Sources */,
				1EF2354EF5EDD549F4AEE565 /* UIColor+Extension.swift in Sources */,
				DF38D725D1A798AE593AB26D /* UIImageView+Extension.swift in Sources */,
				E7BC58839F2ED7F34D7DFC93 /* UINavigationController+Extension.swift in Sources */,
				CFA3801BA996F29B744C721B /* UIViewController+Extension.swift in Sources */,
				E81D80BEA9B99BA9F5B7E3BC /* PhotoAuthManager.swift in Sources */,
				B3B65735B2A547F5155C8B6B /* PhotosManager.swift in Sources */,
				1495F75328BEE14BF4CAB65F /* NoDataCollectionViewCell.swift in Sources */,
				A00461CAF2E50EC6811C191E /* HomeViewController+Extension.swift in Sources */,
				C4F77D0C90FA56B56B26E805 /* HomeViewController.swift in Sources */,
				066CABE27B7BE74150579D7C /* HomeViewStatus.swift in Sources */,
				19A21789C47FF645E1D1C23E /* HomeFilterCell.swift in Sources */,
				CF44AE93A5F4A33396FFAD05 /* HomePhotoCell.swift in Sources */,
				3A53C9272E3710C15198EC45 /* PickerViewController+Extension.swift in Sources */,
				66A0E131F4A3E9E7B3FED9FC /* PickerViewController.swift in Sources */,
				50CCBC81279D89052F5C4770 /* PickerCell.swift in Sources */,
			);
			runOnlyForDeploymentPostprocessing = 0;
		};
		BBF60E34B9541595AD011BB4 /* Sources */ = {
			isa = PBXSourcesBuildPhase;
			buildActionMask = 2147483647;
			files = (
			);
			runOnlyForDeploymentPostprocessing = 0;
		};
/* End PBXSourcesBuildPhase section */

/* Begin PBXTargetDependency section */
		0C14E6A336D0BC0E3D03AA84 /* PBXTargetDependency */ = {
			isa = PBXTargetDependency;
			name = Data;
			target = 91414778501013A68E47525D /* Data */;
			targetProxy = B9F560E8B4D23889A41B96B6 /* PBXContainerItemProxy */;
		};
		29E80D8C7B02553097D44C9A /* PBXTargetDependency */ = {
			isa = PBXTargetDependency;
			name = DIContainer;
			target = 6874DA100A46AE35DDFB9F7D /* DIContainer */;
			targetProxy = 7FC991AC881A581DB640BE6A /* PBXContainerItemProxy */;
		};
		461ACC74E879DDC2E0D691CA /* PBXTargetDependency */ = {
			isa = PBXTargetDependency;
			name = Core;
			target = FA477751D57D20FC5DB7AB1B /* Core */;
			targetProxy = 73E24193314B5232FDDE0E00 /* PBXContainerItemProxy */;
		};
		46681FEDBD14A3A119BE71C9 /* PBXTargetDependency */ = {
			isa = PBXTargetDependency;
			name = DIContainer;
			target = 6874DA100A46AE35DDFB9F7D /* DIContainer */;
			targetProxy = 6152DFC5F2FE98233015602C /* PBXContainerItemProxy */;
		};
		585B425900476C45A889F3A2 /* PBXTargetDependency */ = {
			isa = PBXTargetDependency;
			name = Domain;
			target = 9FB2DEA7C082CA1FCBA3C06C /* Domain */;
			targetProxy = E4A3EDD1818821788F9429D0 /* PBXContainerItemProxy */;
		};
		5D643371DA242F3A0BACD7B5 /* PBXTargetDependency */ = {
			isa = PBXTargetDependency;
			name = Core;
			target = FA477751D57D20FC5DB7AB1B /* Core */;
			targetProxy = EAAE250C20C55A6009D334CF /* PBXContainerItemProxy */;
		};
		63024D156DECF28C007C39E0 /* PBXTargetDependency */ = {
			isa = PBXTargetDependency;
			name = DIContainer;
			target = 6874DA100A46AE35DDFB9F7D /* DIContainer */;
			targetProxy = 884F305BF658076105FAE7F2 /* PBXContainerItemProxy */;
		};
		68D080C087C4499C326297BC /* PBXTargetDependency */ = {
			isa = PBXTargetDependency;
			name = Core;
			target = FA477751D57D20FC5DB7AB1B /* Core */;
			targetProxy = 892987203223B75B2E478F9C /* PBXContainerItemProxy */;
		};
		6CFD400372F7A67A19DB5B60 /* PBXTargetDependency */ = {
			isa = PBXTargetDependency;
			name = Domain;
			target = 9FB2DEA7C082CA1FCBA3C06C /* Domain */;
			targetProxy = B715393860638D546A748A61 /* PBXContainerItemProxy */;
		};
		8577CDB5592D37C61A6FCFBC /* PBXTargetDependency */ = {
			isa = PBXTargetDependency;
			name = Core;
			target = FA477751D57D20FC5DB7AB1B /* Core */;
			targetProxy = 97FA66F195F3CC1C16D2FCA7 /* PBXContainerItemProxy */;
		};
		9EEA79F2FEB0222A73C27380 /* PBXTargetDependency */ = {
			isa = PBXTargetDependency;
			name = DIContainer;
			target = 6874DA100A46AE35DDFB9F7D /* DIContainer */;
			targetProxy = 6DF5AFF1897DA6B4D1181CBA /* PBXContainerItemProxy */;
		};
		A7A3D07107BC6185622036A7 /* PBXTargetDependency */ = {
			isa = PBXTargetDependency;
			name = Domain;
			target = 9FB2DEA7C082CA1FCBA3C06C /* Domain */;
			targetProxy = 508902CC6F6BF8E436A869F6 /* PBXContainerItemProxy */;
		};
		B4996EE80A9B0D03BF50E608 /* PBXTargetDependency */ = {
			isa = PBXTargetDependency;
			name = Presentation;
			target = A1505109CC9A7BDA415EACD0 /* Presentation */;
			targetProxy = 89CC3CB6A0F6F97B56E3A5A2 /* PBXContainerItemProxy */;
		};
		F8082ED41FBCF16819A15706 /* PBXTargetDependency */ = {
			isa = PBXTargetDependency;
			name = Domain;
			target = 9FB2DEA7C082CA1FCBA3C06C /* Domain */;
			targetProxy = 271A4223AFB32EA50770AD07 /* PBXContainerItemProxy */;
		};
		FB50A33DD4AB27CFEB4923F5 /* PBXTargetDependency */ = {
			isa = PBXTargetDependency;
			name = Presentation;
			target = A1505109CC9A7BDA415EACD0 /* Presentation */;
			targetProxy = 44D2EE778572E04BEF615366 /* PBXContainerItemProxy */;
		};
/* End PBXTargetDependency section */

/* Begin PBXVariantGroup section */
		CF3C2B8C3AC5ED060389DD38 /* Localizable.strings */ = {
			isa = PBXVariantGroup;
			children = (
				E364FDB5E29D3B68C612EA22 /* en */,
				E45A93F05235C339F1CED854 /* ja */,
				29E946D8A57246787D54EE40 /* ko */,
			);
			name = Localizable.strings;
			sourceTree = "<group>";
		};
/* End PBXVariantGroup section */

/* Begin XCBuildConfiguration section */
		0DBC9926B8F23ACC2D77815A /* Debug */ = {
			isa = XCBuildConfiguration;
			buildSettings = {
				CODE_SIGN_IDENTITY = "iPhone Developer";
				INFOPLIST_FILE = "Derived/InfoPlists/CoreTests-Info.plist";
				IPHONEOS_DEPLOYMENT_TARGET = 13.0;
				LD_RUNPATH_SEARCH_PATHS = (
					"$(inherited)",
					"@executable_path/Frameworks",
					"@loader_path/Frameworks",
				);
				PRODUCT_BUNDLE_IDENTIFIER = com.minryul.CoreTests;
				PRODUCT_NAME = CoreTests;
				SDKROOT = iphoneos;
				SUPPORTS_MACCATALYST = NO;
				SWIFT_ACTIVE_COMPILATION_CONDITIONS = DEBUG;
				SWIFT_COMPILATION_MODE = singlefile;
				SWIFT_OPTIMIZATION_LEVEL = "-Onone";
				SWIFT_VERSION = 5.6.1;
				TARGETED_DEVICE_FAMILY = 1;
			};
			name = Debug;
		};
		0E453453C508080C5B4415FA /* Release */ = {
			isa = XCBuildConfiguration;
			buildSettings = {
				CODE_SIGN_IDENTITY = "iPhone Developer";
				INFOPLIST_FILE = "Derived/InfoPlists/DomainTests-Info.plist";
				IPHONEOS_DEPLOYMENT_TARGET = 13.0;
				LD_RUNPATH_SEARCH_PATHS = (
					"$(inherited)",
					"@executable_path/Frameworks",
					"@loader_path/Frameworks",
				);
				PRODUCT_BUNDLE_IDENTIFIER = com.minryul.DomainTests;
				PRODUCT_NAME = DomainTests;
				SDKROOT = iphoneos;
				SUPPORTS_MACCATALYST = NO;
				SWIFT_COMPILATION_MODE = wholemodule;
				SWIFT_OPTIMIZATION_LEVEL = "-Owholemodule";
				SWIFT_VERSION = 5.6.1;
				TARGETED_DEVICE_FAMILY = 1;
			};
			name = Release;
		};
		15BCB2795745D93AE411782C /* Debug */ = {
			isa = XCBuildConfiguration;
			buildSettings = {
				CODE_SIGN_IDENTITY = "";
				CURRENT_PROJECT_VERSION = 1;
				DEFINES_MODULE = YES;
				DYLIB_COMPATIBILITY_VERSION = 1;
				DYLIB_CURRENT_VERSION = 1;
				DYLIB_INSTALL_NAME_BASE = "@rpath";
				INFOPLIST_FILE = "Derived/InfoPlists/Presentation-Info.plist";
				INSTALL_PATH = "$(LOCAL_LIBRARY_DIR)/Frameworks";
				IPHONEOS_DEPLOYMENT_TARGET = 13.0;
				LD_RUNPATH_SEARCH_PATHS = (
					"$(inherited)",
					"@executable_path/Frameworks",
					"@loader_path/Frameworks",
				);
				PRODUCT_BUNDLE_IDENTIFIER = com.minryul.Presentation;
				PRODUCT_NAME = Presentation;
				SDKROOT = iphoneos;
				SKIP_INSTALL = YES;
				SUPPORTS_MACCATALYST = NO;
				SWIFT_ACTIVE_COMPILATION_CONDITIONS = DEBUG;
				SWIFT_COMPILATION_MODE = singlefile;
				SWIFT_OPTIMIZATION_LEVEL = "-Onone";
				SWIFT_VERSION = 5.6.1;
				TARGETED_DEVICE_FAMILY = 1;
				VERSIONING_SYSTEM = "apple-generic";
				VERSION_INFO_PREFIX = "";
			};
			name = Debug;
		};
		27F7173F490DCF2D48F4E9AC /* Debug */ = {
			isa = XCBuildConfiguration;
			buildSettings = {
				CODE_SIGN_IDENTITY = "";
				CURRENT_PROJECT_VERSION = 1;
				DEFINES_MODULE = YES;
				DYLIB_COMPATIBILITY_VERSION = 1;
				DYLIB_CURRENT_VERSION = 1;
				DYLIB_INSTALL_NAME_BASE = "@rpath";
				INFOPLIST_FILE = "Derived/InfoPlists/Domain-Info.plist";
				INSTALL_PATH = "$(LOCAL_LIBRARY_DIR)/Frameworks";
				IPHONEOS_DEPLOYMENT_TARGET = 13.0;
				LD_RUNPATH_SEARCH_PATHS = (
					"$(inherited)",
					"@executable_path/Frameworks",
					"@loader_path/Frameworks",
				);
				PRODUCT_BUNDLE_IDENTIFIER = com.minryul.Domain;
				PRODUCT_NAME = Domain;
				SDKROOT = iphoneos;
				SKIP_INSTALL = YES;
				SUPPORTS_MACCATALYST = NO;
				SWIFT_ACTIVE_COMPILATION_CONDITIONS = DEBUG;
				SWIFT_COMPILATION_MODE = singlefile;
				SWIFT_OPTIMIZATION_LEVEL = "-Onone";
				SWIFT_VERSION = 5.6.1;
				TARGETED_DEVICE_FAMILY = 1;
				VERSIONING_SYSTEM = "apple-generic";
				VERSION_INFO_PREFIX = "";
			};
			name = Debug;
		};
		2D4A24ACB4456D928EFC55B0 /* Debug */ = {
			isa = XCBuildConfiguration;
			buildSettings = {
				CODE_SIGN_IDENTITY = "";
				CURRENT_PROJECT_VERSION = 1;
				DEFINES_MODULE = YES;
				DYLIB_COMPATIBILITY_VERSION = 1;
				DYLIB_CURRENT_VERSION = 1;
				DYLIB_INSTALL_NAME_BASE = "@rpath";
				INFOPLIST_FILE = "Derived/InfoPlists/Core-Info.plist";
				INSTALL_PATH = "$(LOCAL_LIBRARY_DIR)/Frameworks";
				IPHONEOS_DEPLOYMENT_TARGET = 13.0;
				LD_RUNPATH_SEARCH_PATHS = (
					"$(inherited)",
					"@executable_path/Frameworks",
					"@loader_path/Frameworks",
				);
				PRODUCT_BUNDLE_IDENTIFIER = com.minryul.Core;
				PRODUCT_NAME = Core;
				SDKROOT = iphoneos;
				SKIP_INSTALL = YES;
				SUPPORTS_MACCATALYST = NO;
				SWIFT_ACTIVE_COMPILATION_CONDITIONS = DEBUG;
				SWIFT_COMPILATION_MODE = singlefile;
				SWIFT_OPTIMIZATION_LEVEL = "-Onone";
				SWIFT_VERSION = 5.6.1;
				TARGETED_DEVICE_FAMILY = 1;
				VERSIONING_SYSTEM = "apple-generic";
				VERSION_INFO_PREFIX = "";
			};
			name = Debug;
		};
		35386A5BE9CEA3B1529EE10B /* Release */ = {
			isa = XCBuildConfiguration;
			buildSettings = {
				CODE_SIGN_IDENTITY = "iPhone Developer";
				INFOPLIST_FILE = "Derived/InfoPlists/DataTests-Info.plist";
				IPHONEOS_DEPLOYMENT_TARGET = 13.0;
				LD_RUNPATH_SEARCH_PATHS = (
					"$(inherited)",
					"@executable_path/Frameworks",
					"@loader_path/Frameworks",
				);
				PRODUCT_BUNDLE_IDENTIFIER = com.minryul.DataTests;
				PRODUCT_NAME = DataTests;
				SDKROOT = iphoneos;
				SUPPORTS_MACCATALYST = NO;
				SWIFT_COMPILATION_MODE = wholemodule;
				SWIFT_OPTIMIZATION_LEVEL = "-Owholemodule";
				SWIFT_VERSION = 5.6.1;
				TARGETED_DEVICE_FAMILY = 1;
			};
			name = Release;
		};
		3B6E240BAA4E1C42A52E57A7 /* Release */ = {
			isa = XCBuildConfiguration;
			buildSettings = {
				CODE_SIGN_IDENTITY = "";
				CURRENT_PROJECT_VERSION = 1;
				DEFINES_MODULE = YES;
				DYLIB_COMPATIBILITY_VERSION = 1;
				DYLIB_CURRENT_VERSION = 1;
				DYLIB_INSTALL_NAME_BASE = "@rpath";
				INFOPLIST_FILE = "Derived/InfoPlists/Data-Info.plist";
				INSTALL_PATH = "$(LOCAL_LIBRARY_DIR)/Frameworks";
				IPHONEOS_DEPLOYMENT_TARGET = 13.0;
				LD_RUNPATH_SEARCH_PATHS = (
					"$(inherited)",
					"@executable_path/Frameworks",
					"@loader_path/Frameworks",
				);
				PRODUCT_BUNDLE_IDENTIFIER = com.minryul.Data;
				PRODUCT_NAME = Data;
				SDKROOT = iphoneos;
				SKIP_INSTALL = YES;
				SUPPORTS_MACCATALYST = NO;
				SWIFT_COMPILATION_MODE = wholemodule;
				SWIFT_OPTIMIZATION_LEVEL = "-Owholemodule";
				SWIFT_VERSION = 5.6.1;
				TARGETED_DEVICE_FAMILY = 1;
				VERSIONING_SYSTEM = "apple-generic";
				VERSION_INFO_PREFIX = "";
			};
			name = Release;
		};
		4AD2F1F7959C7725D3CE712D /* Release */ = {
			isa = XCBuildConfiguration;
			buildSettings = {
				CODE_SIGN_IDENTITY = "";
				CURRENT_PROJECT_VERSION = 1;
				DEFINES_MODULE = YES;
				DYLIB_COMPATIBILITY_VERSION = 1;
				DYLIB_CURRENT_VERSION = 1;
				DYLIB_INSTALL_NAME_BASE = "@rpath";
				INFOPLIST_FILE = "Derived/InfoPlists/DIContainer-Info.plist";
				INSTALL_PATH = "$(LOCAL_LIBRARY_DIR)/Frameworks";
				IPHONEOS_DEPLOYMENT_TARGET = 13.0;
				LD_RUNPATH_SEARCH_PATHS = (
					"$(inherited)",
					"@executable_path/Frameworks",
					"@loader_path/Frameworks",
				);
				PRODUCT_BUNDLE_IDENTIFIER = com.minryul.DIContainer;
				PRODUCT_NAME = DIContainer;
				SDKROOT = iphoneos;
				SKIP_INSTALL = YES;
				SUPPORTS_MACCATALYST = NO;
				SWIFT_COMPILATION_MODE = wholemodule;
				SWIFT_OPTIMIZATION_LEVEL = "-Owholemodule";
				SWIFT_VERSION = 5.6.1;
				TARGETED_DEVICE_FAMILY = 1;
				VERSIONING_SYSTEM = "apple-generic";
				VERSION_INFO_PREFIX = "";
			};
			name = Release;
		};
		659D58F64843A37E2F13AFFA /* Debug */ = {
			isa = XCBuildConfiguration;
			buildSettings = {
				CODE_SIGN_IDENTITY = "iPhone Developer";
				INFOPLIST_FILE = "Derived/InfoPlists/DIContainerTests-Info.plist";
				IPHONEOS_DEPLOYMENT_TARGET = 13.0;
				LD_RUNPATH_SEARCH_PATHS = (
					"$(inherited)",
					"@executable_path/Frameworks",
					"@loader_path/Frameworks",
				);
				PRODUCT_BUNDLE_IDENTIFIER = com.minryul.DIContainerTests;
				PRODUCT_NAME = DIContainerTests;
				SDKROOT = iphoneos;
				SUPPORTS_MACCATALYST = NO;
				SWIFT_ACTIVE_COMPILATION_CONDITIONS = DEBUG;
				SWIFT_COMPILATION_MODE = singlefile;
				SWIFT_OPTIMIZATION_LEVEL = "-Onone";
				SWIFT_VERSION = 5.6.1;
				TARGETED_DEVICE_FAMILY = 1;
			};
			name = Debug;
		};
		6C81EFC7E1E454B5D5166229 /* Release */ = {
			isa = XCBuildConfiguration;
			buildSettings = {
				ALWAYS_SEARCH_USER_PATHS = NO;
				CLANG_ANALYZER_LOCALIZABILITY_NONLOCALIZED = YES;
				CLANG_ANALYZER_NONNULL = YES;
				CLANG_ANALYZER_NUMBER_OBJECT_CONVERSION = YES_AGGRESSIVE;
				CLANG_CXX_LANGUAGE_STANDARD = "gnu++14";
				CLANG_CXX_LIBRARY = "libc++";
				CLANG_ENABLE_MODULES = YES;
				CLANG_ENABLE_OBJC_ARC = YES;
				CLANG_ENABLE_OBJC_WEAK = YES;
				CLANG_WARN_BLOCK_CAPTURE_AUTORELEASING = YES;
				CLANG_WARN_BOOL_CONVERSION = YES;
				CLANG_WARN_COMMA = YES;
				CLANG_WARN_CONSTANT_CONVERSION = YES;
				CLANG_WARN_DEPRECATED_OBJC_IMPLEMENTATIONS = YES;
				CLANG_WARN_DIRECT_OBJC_ISA_USAGE = YES_ERROR;
				CLANG_WARN_DOCUMENTATION_COMMENTS = YES;
				CLANG_WARN_EMPTY_BODY = YES;
				CLANG_WARN_ENUM_CONVERSION = YES;
				CLANG_WARN_INFINITE_RECURSION = YES;
				CLANG_WARN_INT_CONVERSION = YES;
				CLANG_WARN_NON_LITERAL_NULL_CONVERSION = YES;
				CLANG_WARN_OBJC_IMPLICIT_RETAIN_SELF = YES;
				CLANG_WARN_OBJC_LITERAL_CONVERSION = YES;
				CLANG_WARN_OBJC_ROOT_CLASS = YES_ERROR;
				CLANG_WARN_QUOTED_INCLUDE_IN_FRAMEWORK_HEADER = YES;
				CLANG_WARN_RANGE_LOOP_ANALYSIS = YES;
				CLANG_WARN_STRICT_PROTOTYPES = YES;
				CLANG_WARN_SUSPICIOUS_MOVE = YES;
				CLANG_WARN_UNGUARDED_AVAILABILITY = YES_AGGRESSIVE;
				CLANG_WARN_UNREACHABLE_CODE = YES;
				CLANG_WARN__DUPLICATE_METHOD_MATCH = YES;
				COPY_PHASE_STRIP = NO;
				DEBUG_INFORMATION_FORMAT = "dwarf-with-dsym";
				ENABLE_NS_ASSERTIONS = NO;
				ENABLE_STRICT_OBJC_MSGSEND = YES;
				GCC_C_LANGUAGE_STANDARD = gnu11;
				GCC_NO_COMMON_BLOCKS = YES;
				GCC_WARN_64_TO_32_BIT_CONVERSION = YES;
				GCC_WARN_ABOUT_RETURN_TYPE = YES_ERROR;
				GCC_WARN_UNDECLARED_SELECTOR = YES;
				GCC_WARN_UNINITIALIZED_AUTOS = YES_AGGRESSIVE;
				GCC_WARN_UNUSED_FUNCTION = YES;
				GCC_WARN_UNUSED_VARIABLE = YES;
				MTL_ENABLE_DEBUG_INFO = NO;
				PRODUCT_NAME = "$(TARGET_NAME)";
				VALIDATE_PRODUCT = YES;
			};
			name = Release;
		};
		71D1A7DDFEE4838C351D180C /* Debug */ = {
			isa = XCBuildConfiguration;
			buildSettings = {
				CODE_SIGN_IDENTITY = "iPhone Developer";
				INFOPLIST_FILE = "Derived/InfoPlists/PresentationTests-Info.plist";
				IPHONEOS_DEPLOYMENT_TARGET = 13.0;
				LD_RUNPATH_SEARCH_PATHS = (
					"$(inherited)",
					"@executable_path/Frameworks",
					"@loader_path/Frameworks",
				);
				PRODUCT_BUNDLE_IDENTIFIER = com.minryul.PresentationTests;
				PRODUCT_NAME = PresentationTests;
				SDKROOT = iphoneos;
				SUPPORTS_MACCATALYST = NO;
				SWIFT_ACTIVE_COMPILATION_CONDITIONS = DEBUG;
				SWIFT_COMPILATION_MODE = singlefile;
				SWIFT_OPTIMIZATION_LEVEL = "-Onone";
				SWIFT_VERSION = 5.6.1;
				TARGETED_DEVICE_FAMILY = 1;
			};
			name = Debug;
		};
		84F0A02B543ACCC0A18507DB /* Debug */ = {
			isa = XCBuildConfiguration;
			buildSettings = {
				CODE_SIGN_IDENTITY = "";
				CURRENT_PROJECT_VERSION = 1;
				DEFINES_MODULE = YES;
				DYLIB_COMPATIBILITY_VERSION = 1;
				DYLIB_CURRENT_VERSION = 1;
				DYLIB_INSTALL_NAME_BASE = "@rpath";
				INFOPLIST_FILE = "Derived/InfoPlists/Data-Info.plist";
				INSTALL_PATH = "$(LOCAL_LIBRARY_DIR)/Frameworks";
				IPHONEOS_DEPLOYMENT_TARGET = 13.0;
				LD_RUNPATH_SEARCH_PATHS = (
					"$(inherited)",
					"@executable_path/Frameworks",
					"@loader_path/Frameworks",
				);
				PRODUCT_BUNDLE_IDENTIFIER = com.minryul.Data;
				PRODUCT_NAME = Data;
				SDKROOT = iphoneos;
				SKIP_INSTALL = YES;
				SUPPORTS_MACCATALYST = NO;
				SWIFT_ACTIVE_COMPILATION_CONDITIONS = DEBUG;
				SWIFT_COMPILATION_MODE = singlefile;
				SWIFT_OPTIMIZATION_LEVEL = "-Onone";
				SWIFT_VERSION = 5.6.1;
				TARGETED_DEVICE_FAMILY = 1;
				VERSIONING_SYSTEM = "apple-generic";
				VERSION_INFO_PREFIX = "";
			};
			name = Debug;
		};
		88CF039C267F65F687F52962 /* Release */ = {
			isa = XCBuildConfiguration;
			buildSettings = {
				CODE_SIGN_IDENTITY = "";
				CURRENT_PROJECT_VERSION = 1;
				DEFINES_MODULE = YES;
				DYLIB_COMPATIBILITY_VERSION = 1;
				DYLIB_CURRENT_VERSION = 1;
				DYLIB_INSTALL_NAME_BASE = "@rpath";
				INFOPLIST_FILE = "Derived/InfoPlists/Presentation-Info.plist";
				INSTALL_PATH = "$(LOCAL_LIBRARY_DIR)/Frameworks";
				IPHONEOS_DEPLOYMENT_TARGET = 13.0;
				LD_RUNPATH_SEARCH_PATHS = (
					"$(inherited)",
					"@executable_path/Frameworks",
					"@loader_path/Frameworks",
				);
				PRODUCT_BUNDLE_IDENTIFIER = com.minryul.Presentation;
				PRODUCT_NAME = Presentation;
				SDKROOT = iphoneos;
				SKIP_INSTALL = YES;
				SUPPORTS_MACCATALYST = NO;
				SWIFT_COMPILATION_MODE = wholemodule;
				SWIFT_OPTIMIZATION_LEVEL = "-Owholemodule";
				SWIFT_VERSION = 5.6.1;
				TARGETED_DEVICE_FAMILY = 1;
				VERSIONING_SYSTEM = "apple-generic";
				VERSION_INFO_PREFIX = "";
			};
			name = Release;
		};
		991651F68518E212E932A063 /* Release */ = {
			isa = XCBuildConfiguration;
			buildSettings = {
				ASSETCATALOG_COMPILER_APPICON_NAME = AppIcon;
				CODE_SIGN_IDENTITY = "iPhone Developer";
				ENABLE_PREVIEWS = YES;
				INFOPLIST_FILE = "Derived/InfoPlists/GiftiGather-Info.plist";
				IPHONEOS_DEPLOYMENT_TARGET = 13.0;
				LD_RUNPATH_SEARCH_PATHS = (
					"$(inherited)",
					"@executable_path/Frameworks",
				);
				PRODUCT_BUNDLE_IDENTIFIER = com.minryul;
				PRODUCT_NAME = GiftiGather;
				SDKROOT = iphoneos;
				SUPPORTS_MACCATALYST = NO;
				SWIFT_COMPILATION_MODE = wholemodule;
				SWIFT_OPTIMIZATION_LEVEL = "-Owholemodule";
				SWIFT_VERSION = 5.6.1;
				TARGETED_DEVICE_FAMILY = 1;
			};
			name = Release;
		};
		AE0120193EF8514EF2D25E5B /* Debug */ = {
			isa = XCBuildConfiguration;
			buildSettings = {
				CODE_SIGN_IDENTITY = "iPhone Developer";
				INFOPLIST_FILE = "Derived/InfoPlists/DomainTests-Info.plist";
				IPHONEOS_DEPLOYMENT_TARGET = 13.0;
				LD_RUNPATH_SEARCH_PATHS = (
					"$(inherited)",
					"@executable_path/Frameworks",
					"@loader_path/Frameworks",
				);
				PRODUCT_BUNDLE_IDENTIFIER = com.minryul.DomainTests;
				PRODUCT_NAME = DomainTests;
				SDKROOT = iphoneos;
				SUPPORTS_MACCATALYST = NO;
				SWIFT_ACTIVE_COMPILATION_CONDITIONS = DEBUG;
				SWIFT_COMPILATION_MODE = singlefile;
				SWIFT_OPTIMIZATION_LEVEL = "-Onone";
				SWIFT_VERSION = 5.6.1;
				TARGETED_DEVICE_FAMILY = 1;
			};
			name = Debug;
		};
		B4C4A31FEEC3985FD2B7F162 /* Debug */ = {
			isa = XCBuildConfiguration;
			buildSettings = {
				ASSETCATALOG_COMPILER_APPICON_NAME = AppIcon;
				CODE_SIGN_IDENTITY = "iPhone Developer";
				ENABLE_PREVIEWS = YES;
				INFOPLIST_FILE = "Derived/InfoPlists/GiftiGather-Info.plist";
				IPHONEOS_DEPLOYMENT_TARGET = 13.0;
				LD_RUNPATH_SEARCH_PATHS = (
					"$(inherited)",
					"@executable_path/Frameworks",
				);
				PRODUCT_BUNDLE_IDENTIFIER = com.minryul;
				PRODUCT_NAME = GiftiGather;
				SDKROOT = iphoneos;
				SUPPORTS_MACCATALYST = NO;
				SWIFT_ACTIVE_COMPILATION_CONDITIONS = DEBUG;
				SWIFT_COMPILATION_MODE = singlefile;
				SWIFT_OPTIMIZATION_LEVEL = "-Onone";
				SWIFT_VERSION = 5.6.1;
				TARGETED_DEVICE_FAMILY = 1;
			};
			name = Debug;
		};
		B6F45687614F47A9E4408667 /* Debug */ = {
			isa = XCBuildConfiguration;
			buildSettings = {
				ALWAYS_SEARCH_USER_PATHS = NO;
				CLANG_ANALYZER_LOCALIZABILITY_NONLOCALIZED = YES;
				CLANG_ANALYZER_NONNULL = YES;
				CLANG_ANALYZER_NUMBER_OBJECT_CONVERSION = YES_AGGRESSIVE;
				CLANG_CXX_LANGUAGE_STANDARD = "gnu++14";
				CLANG_CXX_LIBRARY = "libc++";
				CLANG_ENABLE_MODULES = YES;
				CLANG_ENABLE_OBJC_ARC = YES;
				CLANG_ENABLE_OBJC_WEAK = YES;
				CLANG_WARN_BLOCK_CAPTURE_AUTORELEASING = YES;
				CLANG_WARN_BOOL_CONVERSION = YES;
				CLANG_WARN_COMMA = YES;
				CLANG_WARN_CONSTANT_CONVERSION = YES;
				CLANG_WARN_DEPRECATED_OBJC_IMPLEMENTATIONS = YES;
				CLANG_WARN_DIRECT_OBJC_ISA_USAGE = YES_ERROR;
				CLANG_WARN_DOCUMENTATION_COMMENTS = YES;
				CLANG_WARN_EMPTY_BODY = YES;
				CLANG_WARN_ENUM_CONVERSION = YES;
				CLANG_WARN_INFINITE_RECURSION = YES;
				CLANG_WARN_INT_CONVERSION = YES;
				CLANG_WARN_NON_LITERAL_NULL_CONVERSION = YES;
				CLANG_WARN_OBJC_IMPLICIT_RETAIN_SELF = YES;
				CLANG_WARN_OBJC_LITERAL_CONVERSION = YES;
				CLANG_WARN_OBJC_ROOT_CLASS = YES_ERROR;
				CLANG_WARN_QUOTED_INCLUDE_IN_FRAMEWORK_HEADER = YES;
				CLANG_WARN_RANGE_LOOP_ANALYSIS = YES;
				CLANG_WARN_STRICT_PROTOTYPES = YES;
				CLANG_WARN_SUSPICIOUS_MOVE = YES;
				CLANG_WARN_UNGUARDED_AVAILABILITY = YES_AGGRESSIVE;
				CLANG_WARN_UNREACHABLE_CODE = YES;
				CLANG_WARN__DUPLICATE_METHOD_MATCH = YES;
				COPY_PHASE_STRIP = NO;
				DEBUG_INFORMATION_FORMAT = dwarf;
				ENABLE_STRICT_OBJC_MSGSEND = YES;
				ENABLE_TESTABILITY = YES;
				GCC_C_LANGUAGE_STANDARD = gnu11;
				GCC_DYNAMIC_NO_PIC = NO;
				GCC_NO_COMMON_BLOCKS = YES;
				GCC_OPTIMIZATION_LEVEL = 0;
				GCC_PREPROCESSOR_DEFINITIONS = (
					"DEBUG=1",
					"$(inherited)",
				);
				GCC_WARN_64_TO_32_BIT_CONVERSION = YES;
				GCC_WARN_ABOUT_RETURN_TYPE = YES_ERROR;
				GCC_WARN_UNDECLARED_SELECTOR = YES;
				GCC_WARN_UNINITIALIZED_AUTOS = YES_AGGRESSIVE;
				GCC_WARN_UNUSED_FUNCTION = YES;
				GCC_WARN_UNUSED_VARIABLE = YES;
				MTL_ENABLE_DEBUG_INFO = YES;
				ONLY_ACTIVE_ARCH = YES;
				PRODUCT_NAME = "$(TARGET_NAME)";
			};
			name = Debug;
		};
		C04495C93826B09FE7511DFC /* Release */ = {
			isa = XCBuildConfiguration;
			buildSettings = {
				CODE_SIGN_IDENTITY = "iPhone Developer";
				INFOPLIST_FILE = "Derived/InfoPlists/DIContainerTests-Info.plist";
				IPHONEOS_DEPLOYMENT_TARGET = 13.0;
				LD_RUNPATH_SEARCH_PATHS = (
					"$(inherited)",
					"@executable_path/Frameworks",
					"@loader_path/Frameworks",
				);
				PRODUCT_BUNDLE_IDENTIFIER = com.minryul.DIContainerTests;
				PRODUCT_NAME = DIContainerTests;
				SDKROOT = iphoneos;
				SUPPORTS_MACCATALYST = NO;
				SWIFT_COMPILATION_MODE = wholemodule;
				SWIFT_OPTIMIZATION_LEVEL = "-Owholemodule";
				SWIFT_VERSION = 5.6.1;
				TARGETED_DEVICE_FAMILY = 1;
			};
			name = Release;
		};
		CCA4EA178306E77F201F51B0 /* Debug */ = {
			isa = XCBuildConfiguration;
			buildSettings = {
				CODE_SIGN_IDENTITY = "iPhone Developer";
				INFOPLIST_FILE = "Derived/InfoPlists/DataTests-Info.plist";
				IPHONEOS_DEPLOYMENT_TARGET = 13.0;
				LD_RUNPATH_SEARCH_PATHS = (
					"$(inherited)",
					"@executable_path/Frameworks",
					"@loader_path/Frameworks",
				);
				PRODUCT_BUNDLE_IDENTIFIER = com.minryul.DataTests;
				PRODUCT_NAME = DataTests;
				SDKROOT = iphoneos;
				SUPPORTS_MACCATALYST = NO;
				SWIFT_ACTIVE_COMPILATION_CONDITIONS = DEBUG;
				SWIFT_COMPILATION_MODE = singlefile;
				SWIFT_OPTIMIZATION_LEVEL = "-Onone";
				SWIFT_VERSION = 5.6.1;
				TARGETED_DEVICE_FAMILY = 1;
			};
			name = Debug;
		};
		D45B8820EB502DE25C0BAA22 /* Debug */ = {
			isa = XCBuildConfiguration;
			buildSettings = {
				CODE_SIGN_IDENTITY = "";
				CURRENT_PROJECT_VERSION = 1;
				DEFINES_MODULE = YES;
				DYLIB_COMPATIBILITY_VERSION = 1;
				DYLIB_CURRENT_VERSION = 1;
				DYLIB_INSTALL_NAME_BASE = "@rpath";
				INFOPLIST_FILE = "Derived/InfoPlists/DIContainer-Info.plist";
				INSTALL_PATH = "$(LOCAL_LIBRARY_DIR)/Frameworks";
				IPHONEOS_DEPLOYMENT_TARGET = 13.0;
				LD_RUNPATH_SEARCH_PATHS = (
					"$(inherited)",
					"@executable_path/Frameworks",
					"@loader_path/Frameworks",
				);
				PRODUCT_BUNDLE_IDENTIFIER = com.minryul.DIContainer;
				PRODUCT_NAME = DIContainer;
				SDKROOT = iphoneos;
				SKIP_INSTALL = YES;
				SUPPORTS_MACCATALYST = NO;
				SWIFT_ACTIVE_COMPILATION_CONDITIONS = DEBUG;
				SWIFT_COMPILATION_MODE = singlefile;
				SWIFT_OPTIMIZATION_LEVEL = "-Onone";
				SWIFT_VERSION = 5.6.1;
				TARGETED_DEVICE_FAMILY = 1;
				VERSIONING_SYSTEM = "apple-generic";
				VERSION_INFO_PREFIX = "";
			};
			name = Debug;
		};
		D93E7A48580CCE186FD52095 /* Release */ = {
			isa = XCBuildConfiguration;
			buildSettings = {
				CODE_SIGN_IDENTITY = "";
				CURRENT_PROJECT_VERSION = 1;
				DEFINES_MODULE = YES;
				DYLIB_COMPATIBILITY_VERSION = 1;
				DYLIB_CURRENT_VERSION = 1;
				DYLIB_INSTALL_NAME_BASE = "@rpath";
				INFOPLIST_FILE = "Derived/InfoPlists/Core-Info.plist";
				INSTALL_PATH = "$(LOCAL_LIBRARY_DIR)/Frameworks";
				IPHONEOS_DEPLOYMENT_TARGET = 13.0;
				LD_RUNPATH_SEARCH_PATHS = (
					"$(inherited)",
					"@executable_path/Frameworks",
					"@loader_path/Frameworks",
				);
				PRODUCT_BUNDLE_IDENTIFIER = com.minryul.Core;
				PRODUCT_NAME = Core;
				SDKROOT = iphoneos;
				SKIP_INSTALL = YES;
				SUPPORTS_MACCATALYST = NO;
				SWIFT_COMPILATION_MODE = wholemodule;
				SWIFT_OPTIMIZATION_LEVEL = "-Owholemodule";
				SWIFT_VERSION = 5.6.1;
				TARGETED_DEVICE_FAMILY = 1;
				VERSIONING_SYSTEM = "apple-generic";
				VERSION_INFO_PREFIX = "";
			};
			name = Release;
		};
		E35BF39B21925D038F0B4773 /* Release */ = {
			isa = XCBuildConfiguration;
			buildSettings = {
				CODE_SIGN_IDENTITY = "iPhone Developer";
				INFOPLIST_FILE = "Derived/InfoPlists/CoreTests-Info.plist";
				IPHONEOS_DEPLOYMENT_TARGET = 13.0;
				LD_RUNPATH_SEARCH_PATHS = (
					"$(inherited)",
					"@executable_path/Frameworks",
					"@loader_path/Frameworks",
				);
				PRODUCT_BUNDLE_IDENTIFIER = com.minryul.CoreTests;
				PRODUCT_NAME = CoreTests;
				SDKROOT = iphoneos;
				SUPPORTS_MACCATALYST = NO;
				SWIFT_COMPILATION_MODE = wholemodule;
				SWIFT_OPTIMIZATION_LEVEL = "-Owholemodule";
				SWIFT_VERSION = 5.6.1;
				TARGETED_DEVICE_FAMILY = 1;
			};
			name = Release;
		};
		E8B78A5C984D4922B7DBAE62 /* Release */ = {
			isa = XCBuildConfiguration;
			buildSettings = {
				CODE_SIGN_IDENTITY = "";
				CURRENT_PROJECT_VERSION = 1;
				DEFINES_MODULE = YES;
				DYLIB_COMPATIBILITY_VERSION = 1;
				DYLIB_CURRENT_VERSION = 1;
				DYLIB_INSTALL_NAME_BASE = "@rpath";
				INFOPLIST_FILE = "Derived/InfoPlists/Domain-Info.plist";
				INSTALL_PATH = "$(LOCAL_LIBRARY_DIR)/Frameworks";
				IPHONEOS_DEPLOYMENT_TARGET = 13.0;
				LD_RUNPATH_SEARCH_PATHS = (
					"$(inherited)",
					"@executable_path/Frameworks",
					"@loader_path/Frameworks",
				);
				PRODUCT_BUNDLE_IDENTIFIER = com.minryul.Domain;
				PRODUCT_NAME = Domain;
				SDKROOT = iphoneos;
				SKIP_INSTALL = YES;
				SUPPORTS_MACCATALYST = NO;
				SWIFT_COMPILATION_MODE = wholemodule;
				SWIFT_OPTIMIZATION_LEVEL = "-Owholemodule";
				SWIFT_VERSION = 5.6.1;
				TARGETED_DEVICE_FAMILY = 1;
				VERSIONING_SYSTEM = "apple-generic";
				VERSION_INFO_PREFIX = "";
			};
			name = Release;
		};
		F7372451B4D39C794F3B26D4 /* Release */ = {
			isa = XCBuildConfiguration;
			buildSettings = {
				CODE_SIGN_IDENTITY = "iPhone Developer";
				INFOPLIST_FILE = "Derived/InfoPlists/PresentationTests-Info.plist";
				IPHONEOS_DEPLOYMENT_TARGET = 13.0;
				LD_RUNPATH_SEARCH_PATHS = (
					"$(inherited)",
					"@executable_path/Frameworks",
					"@loader_path/Frameworks",
				);
				PRODUCT_BUNDLE_IDENTIFIER = com.minryul.PresentationTests;
				PRODUCT_NAME = PresentationTests;
				SDKROOT = iphoneos;
				SUPPORTS_MACCATALYST = NO;
				SWIFT_COMPILATION_MODE = wholemodule;
				SWIFT_OPTIMIZATION_LEVEL = "-Owholemodule";
				SWIFT_VERSION = 5.6.1;
				TARGETED_DEVICE_FAMILY = 1;
			};
			name = Release;
		};
/* End XCBuildConfiguration section */

/* Begin XCConfigurationList section */
		057FAC3D615EC6FD56DA5B61 /* Build configuration list for PBXNativeTarget "Presentation" */ = {
			isa = XCConfigurationList;
			buildConfigurations = (
				15BCB2795745D93AE411782C /* Debug */,
				88CF039C267F65F687F52962 /* Release */,
			);
			defaultConfigurationIsVisible = 0;
			defaultConfigurationName = Release;
		};
		0AE5FCF2083046A52BDF7E8F /* Build configuration list for PBXNativeTarget "PresentationTests" */ = {
			isa = XCConfigurationList;
			buildConfigurations = (
				71D1A7DDFEE4838C351D180C /* Debug */,
				F7372451B4D39C794F3B26D4 /* Release */,
			);
			defaultConfigurationIsVisible = 0;
			defaultConfigurationName = Release;
		};
		19D7CDA44A68990899387BA6 /* Build configuration list for PBXNativeTarget "Domain" */ = {
			isa = XCConfigurationList;
			buildConfigurations = (
				27F7173F490DCF2D48F4E9AC /* Debug */,
				E8B78A5C984D4922B7DBAE62 /* Release */,
			);
			defaultConfigurationIsVisible = 0;
			defaultConfigurationName = Release;
		};
		466E5CB3B4ED1807CE55C458 /* Build configuration list for PBXNativeTarget "DIContainer" */ = {
			isa = XCConfigurationList;
			buildConfigurations = (
				D45B8820EB502DE25C0BAA22 /* Debug */,
				4AD2F1F7959C7725D3CE712D /* Release */,
			);
			defaultConfigurationIsVisible = 0;
			defaultConfigurationName = Release;
		};
		50AA9E9607D4B6030AE80F4C /* Build configuration list for PBXNativeTarget "DIContainerTests" */ = {
			isa = XCConfigurationList;
			buildConfigurations = (
				659D58F64843A37E2F13AFFA /* Debug */,
				C04495C93826B09FE7511DFC /* Release */,
			);
			defaultConfigurationIsVisible = 0;
			defaultConfigurationName = Release;
		};
		5817B09C0732C25034FEFF1F /* Build configuration list for PBXNativeTarget "GiftiGather" */ = {
			isa = XCConfigurationList;
			buildConfigurations = (
				B4C4A31FEEC3985FD2B7F162 /* Debug */,
				991651F68518E212E932A063 /* Release */,
			);
			defaultConfigurationIsVisible = 0;
			defaultConfigurationName = Release;
		};
		80DEAB8D8B7AA627EAC41E83 /* Build configuration list for PBXNativeTarget "DomainTests" */ = {
			isa = XCConfigurationList;
			buildConfigurations = (
				AE0120193EF8514EF2D25E5B /* Debug */,
				0E453453C508080C5B4415FA /* Release */,
			);
			defaultConfigurationIsVisible = 0;
			defaultConfigurationName = Release;
		};
		87FA5BF0B4D56B42B4705190 /* Build configuration list for PBXProject "GiftiGather" */ = {
			isa = XCConfigurationList;
			buildConfigurations = (
				B6F45687614F47A9E4408667 /* Debug */,
				6C81EFC7E1E454B5D5166229 /* Release */,
			);
			defaultConfigurationIsVisible = 0;
			defaultConfigurationName = Release;
		};
		8EDE4C58C3168A589467E62A /* Build configuration list for PBXNativeTarget "Core" */ = {
			isa = XCConfigurationList;
			buildConfigurations = (
				2D4A24ACB4456D928EFC55B0 /* Debug */,
				D93E7A48580CCE186FD52095 /* Release */,
			);
			defaultConfigurationIsVisible = 0;
			defaultConfigurationName = Release;
		};
		8F2B59612399D78DAACF73B3 /* Build configuration list for PBXNativeTarget "Data" */ = {
			isa = XCConfigurationList;
			buildConfigurations = (
				84F0A02B543ACCC0A18507DB /* Debug */,
				3B6E240BAA4E1C42A52E57A7 /* Release */,
			);
			defaultConfigurationIsVisible = 0;
			defaultConfigurationName = Release;
		};
		E5A2B5806D97F7233F4BE6AC /* Build configuration list for PBXNativeTarget "DataTests" */ = {
			isa = XCConfigurationList;
			buildConfigurations = (
				CCA4EA178306E77F201F51B0 /* Debug */,
				35386A5BE9CEA3B1529EE10B /* Release */,
			);
			defaultConfigurationIsVisible = 0;
			defaultConfigurationName = Release;
		};
		E85BD785F56374E51C149BA3 /* Build configuration list for PBXNativeTarget "CoreTests" */ = {
			isa = XCConfigurationList;
			buildConfigurations = (
				0DBC9926B8F23ACC2D77815A /* Debug */,
				E35BF39B21925D038F0B4773 /* Release */,
			);
			defaultConfigurationIsVisible = 0;
			defaultConfigurationName = Release;
		};
/* End XCConfigurationList section */
	};
	rootObject = 66E6969ED92B6D48CBDF69E7 /* Project object */;
}
